// !$*UTF8*$!
{
	archiveVersion = 1;
	classes = {
	};
	objectVersion = 50;
	objects = {

/* Begin PBXBuildFile section */
		1107920022FFD2CC0056BE67 /* RudeAnswers in Resources */ = {isa = PBXBuildFile; fileRef = 110791FF22FFD2CC0056BE67 /* RudeAnswers */; };
		1107920422FFD75F0056BE67 /* AnswerSetTableViewCotroller.swift in Sources */ = {isa = PBXBuildFile; fileRef = 1107920322FFD75F0056BE67 /* AnswerSetTableViewCotroller.swift */; };
		1107920622FFE6790056BE67 /* SegueHandlerType+Protocol.swift in Sources */ = {isa = PBXBuildFile; fileRef = 1107920522FFE6780056BE67 /* SegueHandlerType+Protocol.swift */; };
		110A534222FB50A40026BA79 /* MagicButton.swift in Sources */ = {isa = PBXBuildFile; fileRef = 110A534122FB50A40026BA79 /* MagicButton.swift */; };
		112B515B23011A890063E18B /* FileManager+extensions.swift in Sources */ = {isa = PBXBuildFile; fileRef = 112B515A23011A890063E18B /* FileManager+extensions.swift */; };
		112B515D23011AB80063E18B /* DefaultResouceName.swift in Sources */ = {isa = PBXBuildFile; fileRef = 112B515C23011AB80063E18B /* DefaultResouceName.swift */; };
		112B516123013D4D0063E18B /* AnswerSetsStore.swift in Sources */ = {isa = PBXBuildFile; fileRef = 112B516023013D4D0063E18B /* AnswerSetsStore.swift */; };
		1155038A22FE8125009AD046 /* TextPronouncer.swift in Sources */ = {isa = PBXBuildFile; fileRef = 1155038922FE8125009AD046 /* TextPronouncer.swift */; };
		115C00B5230884C5001FB0B6 /* MagicBallDataSource.swift in Sources */ = {isa = PBXBuildFile; fileRef = 115C00B4230884C5001FB0B6 /* MagicBallDataSource.swift */; };
		116BD3942302F573001ECD5F /* NetworkError.swift in Sources */ = {isa = PBXBuildFile; fileRef = 116BD3932302F573001ECD5F /* NetworkError.swift */; };
		117272AB2337437B006D6A02 /* Localization.strings in Resources */ = {isa = PBXBuildFile; fileRef = 117272AD2337437B006D6A02 /* Localization.strings */; };
		117272B12337A195006D6A02 /* assets.swift in Sources */ = {isa = PBXBuildFile; fileRef = 117272B02337A195006D6A02 /* assets.swift */; };
		117272B32337A4D7006D6A02 /* strings.swift in Sources */ = {isa = PBXBuildFile; fileRef = 117272B22337A4D7006D6A02 /* strings.swift */; };
		117889F52305870800983E8A /* InputTextAlerController.swift in Sources */ = {isa = PBXBuildFile; fileRef = 117889F42305870800983E8A /* InputTextAlerController.swift */; };
		118027D72304835B00E1754B /* ListOfAnswerSetsViewCotroller.swift in Sources */ = {isa = PBXBuildFile; fileRef = 118027D62304835B00E1754B /* ListOfAnswerSetsViewCotroller.swift */; };
		11853ED5230170A300F30203 /* AnswerSet.swift in Sources */ = {isa = PBXBuildFile; fileRef = 11853ED4230170A300F30203 /* AnswerSet.swift */; };
		11A9FDF322F9411300C3C7B9 /* AnswerLoader.swift in Sources */ = {isa = PBXBuildFile; fileRef = 11A9FDF222F9411300C3C7B9 /* AnswerLoader.swift */; };
		11C919C222F9368E005F71BC /* AppDelegate.swift in Sources */ = {isa = PBXBuildFile; fileRef = 11C919C122F9368E005F71BC /* AppDelegate.swift */; };
		11C919C722F9368E005F71BC /* Main.storyboard in Resources */ = {isa = PBXBuildFile; fileRef = 11C919C522F9368E005F71BC /* Main.storyboard */; };
		11C919C922F9368F005F71BC /* Assets.xcassets in Resources */ = {isa = PBXBuildFile; fileRef = 11C919C822F9368F005F71BC /* Assets.xcassets */; };
		11C919CC22F9368F005F71BC /* LaunchScreen.storyboard in Resources */ = {isa = PBXBuildFile; fileRef = 11C919CA22F9368F005F71BC /* LaunchScreen.storyboard */; };
		11D2F74122FD4D3C000E8881 /* MagicBallView.swift in Sources */ = {isa = PBXBuildFile; fileRef = 11D2F74022FD4D3C000E8881 /* MagicBallView.swift */; };
		11D2F74322FD59C8000E8881 /* Settings.swift in Sources */ = {isa = PBXBuildFile; fileRef = 11D2F74222FD59C8000E8881 /* Settings.swift */; };
		11D2F74522FD5A9A000E8881 /* DefaultSettings in Resources */ = {isa = PBXBuildFile; fileRef = 11D2F74422FD5A9A000E8881 /* DefaultSettings */; };
		11D2F75322FE6D7F000E8881 /* SettingsStore.swift in Sources */ = {isa = PBXBuildFile; fileRef = 11D2F75222FE6D7F000E8881 /* SettingsStore.swift */; };
		11D2F75522FE70C4000E8881 /* AppRootViewCotroller.swift in Sources */ = {isa = PBXBuildFile; fileRef = 11D2F75422FE70C4000E8881 /* AppRootViewCotroller.swift */; };
		11D2F75922FE7934000E8881 /* MagicBallViewCotroller.swift in Sources */ = {isa = PBXBuildFile; fileRef = 11D2F75722FE7934000E8881 /* MagicBallViewCotroller.swift */; };
		11D2F75C22FE7940000E8881 /* SettingsViewCotroller.swift in Sources */ = {isa = PBXBuildFile; fileRef = 11D2F75B22FE7940000E8881 /* SettingsViewCotroller.swift */; };
		F56735552363E184326BCF59 /* Pods_MagicBall.framework in Frameworks */ = {isa = PBXBuildFile; fileRef = CA6FB2280872908656F03718 /* Pods_MagicBall.framework */; };
/* End PBXBuildFile section */

/* Begin PBXFileReference section */
		110791FF22FFD2CC0056BE67 /* RudeAnswers */ = {isa = PBXFileReference; lastKnownFileType = text; path = RudeAnswers; sourceTree = "<group>"; };
		1107920322FFD75F0056BE67 /* AnswerSetTableViewCotroller.swift */ = {isa = PBXFileReference; lastKnownFileType = sourcecode.swift; path = AnswerSetTableViewCotroller.swift; sourceTree = "<group>"; };
		1107920522FFE6780056BE67 /* SegueHandlerType+Protocol.swift */ = {isa = PBXFileReference; fileEncoding = 4; lastKnownFileType = sourcecode.swift; path = "SegueHandlerType+Protocol.swift"; sourceTree = "<group>"; };
		110A534122FB50A40026BA79 /* MagicButton.swift */ = {isa = PBXFileReference; lastKnownFileType = sourcecode.swift; path = MagicButton.swift; sourceTree = "<group>"; };
		112B515A23011A890063E18B /* FileManager+extensions.swift */ = {isa = PBXFileReference; lastKnownFileType = sourcecode.swift; path = "FileManager+extensions.swift"; sourceTree = "<group>"; };
		112B515C23011AB80063E18B /* DefaultResouceName.swift */ = {isa = PBXFileReference; lastKnownFileType = sourcecode.swift; path = DefaultResouceName.swift; sourceTree = "<group>"; };
		112B516023013D4D0063E18B /* AnswerSetsStore.swift */ = {isa = PBXFileReference; lastKnownFileType = sourcecode.swift; path = AnswerSetsStore.swift; sourceTree = "<group>"; };
		1155038922FE8125009AD046 /* TextPronouncer.swift */ = {isa = PBXFileReference; lastKnownFileType = sourcecode.swift; path = TextPronouncer.swift; sourceTree = "<group>"; };
		115C00B4230884C5001FB0B6 /* MagicBallDataSource.swift */ = {isa = PBXFileReference; lastKnownFileType = sourcecode.swift; path = MagicBallDataSource.swift; sourceTree = "<group>"; };
		116BD3932302F573001ECD5F /* NetworkError.swift */ = {isa = PBXFileReference; lastKnownFileType = sourcecode.swift; path = NetworkError.swift; sourceTree = "<group>"; };
		117272AC2337437B006D6A02 /* en */ = {isa = PBXFileReference; lastKnownFileType = text.plist.strings; name = en; path = en.lproj/Localization.strings; sourceTree = "<group>"; };
		117272B02337A195006D6A02 /* assets.swift */ = {isa = PBXFileReference; fileEncoding = 4; lastKnownFileType = sourcecode.swift; path = assets.swift; sourceTree = "<group>"; };
		117272B22337A4D7006D6A02 /* strings.swift */ = {isa = PBXFileReference; fileEncoding = 4; lastKnownFileType = sourcecode.swift; path = strings.swift; sourceTree = "<group>"; };
		117889F42305870800983E8A /* InputTextAlerController.swift */ = {isa = PBXFileReference; lastKnownFileType = sourcecode.swift; path = InputTextAlerController.swift; sourceTree = "<group>"; };
		118027D62304835B00E1754B /* ListOfAnswerSetsViewCotroller.swift */ = {isa = PBXFileReference; lastKnownFileType = sourcecode.swift; path = ListOfAnswerSetsViewCotroller.swift; sourceTree = "<group>"; };
		11853ED4230170A300F30203 /* AnswerSet.swift */ = {isa = PBXFileReference; lastKnownFileType = sourcecode.swift; path = AnswerSet.swift; sourceTree = "<group>"; };
		11A9FDF222F9411300C3C7B9 /* AnswerLoader.swift */ = {isa = PBXFileReference; lastKnownFileType = sourcecode.swift; path = AnswerLoader.swift; sourceTree = "<group>"; };
		11C919BE22F9368E005F71BC /* MagicBall.app */ = {isa = PBXFileReference; explicitFileType = wrapper.application; includeInIndex = 0; path = MagicBall.app; sourceTree = BUILT_PRODUCTS_DIR; };
		11C919C122F9368E005F71BC /* AppDelegate.swift */ = {isa = PBXFileReference; lastKnownFileType = sourcecode.swift; path = AppDelegate.swift; sourceTree = "<group>"; };
		11C919C622F9368E005F71BC /* Base */ = {isa = PBXFileReference; lastKnownFileType = file.storyboard; name = Base; path = Base.lproj/Main.storyboard; sourceTree = "<group>"; };
		11C919C822F9368F005F71BC /* Assets.xcassets */ = {isa = PBXFileReference; lastKnownFileType = folder.assetcatalog; path = Assets.xcassets; sourceTree = "<group>"; };
		11C919CB22F9368F005F71BC /* Base */ = {isa = PBXFileReference; lastKnownFileType = file.storyboard; name = Base; path = Base.lproj/LaunchScreen.storyboard; sourceTree = "<group>"; };
		11C919CD22F9368F005F71BC /* Info.plist */ = {isa = PBXFileReference; lastKnownFileType = text.plist.xml; path = Info.plist; sourceTree = "<group>"; };
		11D2F74022FD4D3C000E8881 /* MagicBallView.swift */ = {isa = PBXFileReference; lastKnownFileType = sourcecode.swift; path = MagicBallView.swift; sourceTree = "<group>"; };
		11D2F74222FD59C8000E8881 /* Settings.swift */ = {isa = PBXFileReference; lastKnownFileType = sourcecode.swift; path = Settings.swift; sourceTree = "<group>"; };
		11D2F74422FD5A9A000E8881 /* DefaultSettings */ = {isa = PBXFileReference; lastKnownFileType = text; path = DefaultSettings; sourceTree = "<group>"; };
		11D2F75222FE6D7F000E8881 /* SettingsStore.swift */ = {isa = PBXFileReference; lastKnownFileType = sourcecode.swift; path = SettingsStore.swift; sourceTree = "<group>"; };
		11D2F75422FE70C4000E8881 /* AppRootViewCotroller.swift */ = {isa = PBXFileReference; fileEncoding = 4; lastKnownFileType = sourcecode.swift; path = AppRootViewCotroller.swift; sourceTree = "<group>"; };
		11D2F75722FE7934000E8881 /* MagicBallViewCotroller.swift */ = {isa = PBXFileReference; fileEncoding = 4; lastKnownFileType = sourcecode.swift; path = MagicBallViewCotroller.swift; sourceTree = "<group>"; };
		11D2F75B22FE7940000E8881 /* SettingsViewCotroller.swift */ = {isa = PBXFileReference; fileEncoding = 4; lastKnownFileType = sourcecode.swift; path = SettingsViewCotroller.swift; sourceTree = "<group>"; };
		CA6FB2280872908656F03718 /* Pods_MagicBall.framework */ = {isa = PBXFileReference; explicitFileType = wrapper.framework; includeInIndex = 0; path = Pods_MagicBall.framework; sourceTree = BUILT_PRODUCTS_DIR; };
		DE26AE802748A833930F2F1E /* Pods-MagicBall.debug.xcconfig */ = {isa = PBXFileReference; includeInIndex = 1; lastKnownFileType = text.xcconfig; name = "Pods-MagicBall.debug.xcconfig"; path = "Target Support Files/Pods-MagicBall/Pods-MagicBall.debug.xcconfig"; sourceTree = "<group>"; };
		F4D248FC0038C3FFF9453FBB /* Pods-MagicBall.release.xcconfig */ = {isa = PBXFileReference; includeInIndex = 1; lastKnownFileType = text.xcconfig; name = "Pods-MagicBall.release.xcconfig"; path = "Target Support Files/Pods-MagicBall/Pods-MagicBall.release.xcconfig"; sourceTree = "<group>"; };
/* End PBXFileReference section */

/* Begin PBXFrameworksBuildPhase section */
		11C919BB22F9368E005F71BC /* Frameworks */ = {
			isa = PBXFrameworksBuildPhase;
			buildActionMask = 2147483647;
			files = (
				F56735552363E184326BCF59 /* Pods_MagicBall.framework in Frameworks */,
			);
			runOnlyForDeploymentPostprocessing = 0;
		};
/* End PBXFrameworksBuildPhase section */

/* Begin PBXGroup section */
		11079207230074100056BE67 /* View Controllers */ = {
			isa = PBXGroup;
			children = (
				11D2F75422FE70C4000E8881 /* AppRootViewCotroller.swift */,
				11D2F75722FE7934000E8881 /* MagicBallViewCotroller.swift */,
				11D2F75B22FE7940000E8881 /* SettingsViewCotroller.swift */,
				118027D62304835B00E1754B /* ListOfAnswerSetsViewCotroller.swift */,
				1107920322FFD75F0056BE67 /* AnswerSetTableViewCotroller.swift */,
			);
			path = "View Controllers";
			sourceTree = "<group>";
		};
		112B515E23011FA40063E18B /* Protocols */ = {
			isa = PBXGroup;
			children = (
				1107920522FFE6780056BE67 /* SegueHandlerType+Protocol.swift */,
			);
			path = Protocols;
			sourceTree = "<group>";
		};
		112B515F23011FAD0063E18B /* Extensions */ = {
			isa = PBXGroup;
			children = (
				112B515A23011A890063E18B /* FileManager+extensions.swift */,
			);
			path = Extensions;
			sourceTree = "<group>";
		};
		117272A823374307006D6A02 /* Generated */ = {
			isa = PBXGroup;
			children = (
			);
			path = Generated;
			sourceTree = "<group>";
		};
		11C919B522F9368E005F71BC = {
			isa = PBXGroup;
			children = (
				11C919C022F9368E005F71BC /* MagicBall */,
				11C919BF22F9368E005F71BC /* Products */,
				BD198BE49C0AEFE114BC20B6 /* Pods */,
				E00B2D06BF31F7B2B868B87C /* Frameworks */,
			);
			sourceTree = "<group>";
		};
		11C919BF22F9368E005F71BC /* Products */ = {
			isa = PBXGroup;
			children = (
				11C919BE22F9368E005F71BC /* MagicBall.app */,
			);
			name = Products;
			sourceTree = "<group>";
		};
		11C919C022F9368E005F71BC /* MagicBall */ = {
			isa = PBXGroup;
			children = (
				11C919C122F9368E005F71BC /* AppDelegate.swift */,
				11D2F74D22FE0A64000E8881 /* Models */,
				11D2F75622FE73C9000E8881 /* Model Controllers */,
				11D2F74E22FE0A6B000E8881 /* Views */,
				11079207230074100056BE67 /* View Controllers */,
				11D2F74F22FE0A95000E8881 /* Services */,
				112B515E23011FA40063E18B /* Protocols */,
				112B515F23011FAD0063E18B /* Extensions */,
				11D2F75122FE0B2D000E8881 /* Storyboards */,
				11D2F75022FE0B03000E8881 /* Resources */,
			);
			path = MagicBall;
			sourceTree = "<group>";
		};
		11D2F74D22FE0A64000E8881 /* Models */ = {
			isa = PBXGroup;
			children = (
				11D2F74222FD59C8000E8881 /* Settings.swift */,
				112B515C23011AB80063E18B /* DefaultResouceName.swift */,
				11853ED4230170A300F30203 /* AnswerSet.swift */,
				116BD3932302F573001ECD5F /* NetworkError.swift */,
			);
			path = Models;
			sourceTree = "<group>";
		};
		11D2F74E22FE0A6B000E8881 /* Views */ = {
			isa = PBXGroup;
			children = (
				11D2F74022FD4D3C000E8881 /* MagicBallView.swift */,
				110A534122FB50A40026BA79 /* MagicButton.swift */,
			);
			path = Views;
			sourceTree = "<group>";
		};
		11D2F74F22FE0A95000E8881 /* Services */ = {
			isa = PBXGroup;
			children = (
				11A9FDF222F9411300C3C7B9 /* AnswerLoader.swift */,
				1155038922FE8125009AD046 /* TextPronouncer.swift */,
				117889F42305870800983E8A /* InputTextAlerController.swift */,
			);
			path = Services;
			sourceTree = "<group>";
		};
		11D2F75022FE0B03000E8881 /* Resources */ = {
			isa = PBXGroup;
			children = (
				117272A823374307006D6A02 /* Generated */,
				11C919C822F9368F005F71BC /* Assets.xcassets */,
				117272AD2337437B006D6A02 /* Localization.strings */,
				11C919CD22F9368F005F71BC /* Info.plist */,
				11D2F74422FD5A9A000E8881 /* DefaultSettings */,
				110791FF22FFD2CC0056BE67 /* RudeAnswers */,
				117272B02337A195006D6A02 /* assets.swift */,
				117272B22337A4D7006D6A02 /* strings.swift */,
			);
			path = Resources;
			sourceTree = "<group>";
		};
		11D2F75122FE0B2D000E8881 /* Storyboards */ = {
			isa = PBXGroup;
			children = (
				11C919C522F9368E005F71BC /* Main.storyboard */,
				11C919CA22F9368F005F71BC /* LaunchScreen.storyboard */,
			);
			path = Storyboards;
			sourceTree = "<group>";
		};
		11D2F75622FE73C9000E8881 /* Model Controllers */ = {
			isa = PBXGroup;
			children = (
				11D2F75222FE6D7F000E8881 /* SettingsStore.swift */,
				112B516023013D4D0063E18B /* AnswerSetsStore.swift */,
				115C00B4230884C5001FB0B6 /* MagicBallDataSource.swift */,
			);
			path = "Model Controllers";
			sourceTree = "<group>";
		};
		BD198BE49C0AEFE114BC20B6 /* Pods */ = {
			isa = PBXGroup;
			children = (
				DE26AE802748A833930F2F1E /* Pods-MagicBall.debug.xcconfig */,
				F4D248FC0038C3FFF9453FBB /* Pods-MagicBall.release.xcconfig */,
			);
			path = Pods;
			sourceTree = "<group>";
		};
		E00B2D06BF31F7B2B868B87C /* Frameworks */ = {
			isa = PBXGroup;
			children = (
				CA6FB2280872908656F03718 /* Pods_MagicBall.framework */,
			);
			name = Frameworks;
			sourceTree = "<group>";
		};
/* End PBXGroup section */

/* Begin PBXNativeTarget section */
		11C919BD22F9368E005F71BC /* MagicBall */ = {
			isa = PBXNativeTarget;
			buildConfigurationList = 11C919D022F9368F005F71BC /* Build configuration list for PBXNativeTarget "MagicBall" */;
			buildPhases = (
				FDF6AD8BA0A4A420B86457F1 /* [CP] Check Pods Manifest.lock */,
				11D379A923365325004F768B /* SwiftGen */,
				11C919BA22F9368E005F71BC /* Sources */,
				11C919BB22F9368E005F71BC /* Frameworks */,
				11C919BC22F9368E005F71BC /* Resources */,
				117EEB65233647F8009FDFF9 /* SwiftLint */,
			);
			buildRules = (
			);
			dependencies = (
			);
			name = MagicBall;
			productName = EightBall;
			productReference = 11C919BE22F9368E005F71BC /* MagicBall.app */;
			productType = "com.apple.product-type.application";
		};
/* End PBXNativeTarget section */

/* Begin PBXProject section */
		11C919B622F9368E005F71BC /* Project object */ = {
			isa = PBXProject;
			attributes = {
				LastSwiftUpdateCheck = 1030;
				LastUpgradeCheck = 1030;
				ORGANIZATIONNAME = "Alexander Baraley";
				TargetAttributes = {
					11C919BD22F9368E005F71BC = {
						CreatedOnToolsVersion = 10.3;
					};
				};
			};
			buildConfigurationList = 11C919B922F9368E005F71BC /* Build configuration list for PBXProject "MagicBall" */;
			compatibilityVersion = "Xcode 9.3";
			developmentRegion = en;
			hasScannedForEncodings = 0;
			knownRegions = (
				en,
				Base,
			);
			mainGroup = 11C919B522F9368E005F71BC;
			productRefGroup = 11C919BF22F9368E005F71BC /* Products */;
			projectDirPath = "";
			projectRoot = "";
			targets = (
				11C919BD22F9368E005F71BC /* MagicBall */,
			);
		};
/* End PBXProject section */

/* Begin PBXResourcesBuildPhase section */
		11C919BC22F9368E005F71BC /* Resources */ = {
			isa = PBXResourcesBuildPhase;
			buildActionMask = 2147483647;
			files = (
				11C919CC22F9368F005F71BC /* LaunchScreen.storyboard in Resources */,
				117272AB2337437B006D6A02 /* Localization.strings in Resources */,
				11C919C922F9368F005F71BC /* Assets.xcassets in Resources */,
				1107920022FFD2CC0056BE67 /* RudeAnswers in Resources */,
				11C919C722F9368E005F71BC /* Main.storyboard in Resources */,
				11D2F74522FD5A9A000E8881 /* DefaultSettings in Resources */,
			);
			runOnlyForDeploymentPostprocessing = 0;
		};
/* End PBXResourcesBuildPhase section */

/* Begin PBXShellScriptBuildPhase section */
		117EEB65233647F8009FDFF9 /* SwiftLint */ = {
			isa = PBXShellScriptBuildPhase;
			buildActionMask = 2147483647;
			files = (
			);
			inputFileListPaths = (
			);
			inputPaths = (
			);
			name = SwiftLint;
			outputFileListPaths = (
			);
			outputPaths = (
			);
			runOnlyForDeploymentPostprocessing = 0;
			shellPath = /bin/sh;
			shellScript = "\"${PODS_ROOT}/SwiftLint/swiftlint\"\n";
		};
		11D379A923365325004F768B /* SwiftGen */ = {
			isa = PBXShellScriptBuildPhase;
			buildActionMask = 2147483647;
			files = (
			);
			inputFileListPaths = (
			);
			inputPaths = (
			);
			name = SwiftGen;
			outputFileListPaths = (
			);
			outputPaths = (
			);
			runOnlyForDeploymentPostprocessing = 0;
			shellPath = /bin/sh;
			shellScript = "\"${PODS_ROOT}/SwiftGen/bin/swiftgen\"\n";
		};
		FDF6AD8BA0A4A420B86457F1 /* [CP] Check Pods Manifest.lock */ = {
			isa = PBXShellScriptBuildPhase;
			buildActionMask = 2147483647;
			files = (
			);
			inputFileListPaths = (
			);
			inputPaths = (
				"${PODS_PODFILE_DIR_PATH}/Podfile.lock",
				"${PODS_ROOT}/Manifest.lock",
			);
			name = "[CP] Check Pods Manifest.lock";
			outputFileListPaths = (
			);
			outputPaths = (
				"$(DERIVED_FILE_DIR)/Pods-MagicBall-checkManifestLockResult.txt",
			);
			runOnlyForDeploymentPostprocessing = 0;
			shellPath = /bin/sh;
			shellScript = "diff \"${PODS_PODFILE_DIR_PATH}/Podfile.lock\" \"${PODS_ROOT}/Manifest.lock\" > /dev/null\nif [ $? != 0 ] ; then\n    # print error to STDERR\n    echo \"error: The sandbox is not in sync with the Podfile.lock. Run 'pod install' or update your CocoaPods installation.\" >&2\n    exit 1\nfi\n# This output is used by Xcode 'outputs' to avoid re-running this script phase.\necho \"SUCCESS\" > \"${SCRIPT_OUTPUT_FILE_0}\"\n";
			showEnvVarsInLog = 0;
		};
/* End PBXShellScriptBuildPhase section */

/* Begin PBXSourcesBuildPhase section */
		11C919BA22F9368E005F71BC /* Sources */ = {
			isa = PBXSourcesBuildPhase;
			buildActionMask = 2147483647;
			files = (
				11D2F74322FD59C8000E8881 /* Settings.swift in Sources */,
				1107920422FFD75F0056BE67 /* AnswerSetTableViewCotroller.swift in Sources */,
				110A534222FB50A40026BA79 /* MagicButton.swift in Sources */,
				11C919C222F9368E005F71BC /* AppDelegate.swift in Sources */,
				1107920622FFE6790056BE67 /* SegueHandlerType+Protocol.swift in Sources */,
				1155038A22FE8125009AD046 /* TextPronouncer.swift in Sources */,
				11853ED5230170A300F30203 /* AnswerSet.swift in Sources */,
				115C00B5230884C5001FB0B6 /* MagicBallDataSource.swift in Sources */,
				11D2F75C22FE7940000E8881 /* SettingsViewCotroller.swift in Sources */,
				117272B12337A195006D6A02 /* assets.swift in Sources */,
				117889F52305870800983E8A /* InputTextAlerController.swift in Sources */,
				11D2F75922FE7934000E8881 /* MagicBallViewCotroller.swift in Sources */,
				11A9FDF322F9411300C3C7B9 /* AnswerLoader.swift in Sources */,
				112B515D23011AB80063E18B /* DefaultResouceName.swift in Sources */,
				11D2F75522FE70C4000E8881 /* AppRootViewCotroller.swift in Sources */,
				118027D72304835B00E1754B /* ListOfAnswerSetsViewCotroller.swift in Sources */,
				11D2F75322FE6D7F000E8881 /* SettingsStore.swift in Sources */,
				112B515B23011A890063E18B /* FileManager+extensions.swift in Sources */,
				112B516123013D4D0063E18B /* AnswerSetsStore.swift in Sources */,
				11D2F74122FD4D3C000E8881 /* MagicBallView.swift in Sources */,
				117272B32337A4D7006D6A02 /* strings.swift in Sources */,
				116BD3942302F573001ECD5F /* NetworkError.swift in Sources */,
			);
			runOnlyForDeploymentPostprocessing = 0;
		};
/* End PBXSourcesBuildPhase section */

/* Begin PBXVariantGroup section */
		117272AD2337437B006D6A02 /* Localization.strings */ = {
			isa = PBXVariantGroup;
			children = (
				117272AC2337437B006D6A02 /* en */,
			);
			name = Localization.strings;
			sourceTree = "<group>";
		};
		11C919C522F9368E005F71BC /* Main.storyboard */ = {
			isa = PBXVariantGroup;
			children = (
				11C919C622F9368E005F71BC /* Base */,
			);
			name = Main.storyboard;
			sourceTree = "<group>";
		};
		11C919CA22F9368F005F71BC /* LaunchScreen.storyboard */ = {
			isa = PBXVariantGroup;
			children = (
				11C919CB22F9368F005F71BC /* Base */,
			);
			name = LaunchScreen.storyboard;
			sourceTree = "<group>";
		};
/* End PBXVariantGroup section */

/* Begin XCBuildConfiguration section */
		11C919CE22F9368F005F71BC /* Debug */ = {
			isa = XCBuildConfiguration;
			buildSettings = {
				ALWAYS_SEARCH_USER_PATHS = NO;
				CLANG_ANALYZER_NONNULL = YES;
				CLANG_ANALYZER_NUMBER_OBJECT_CONVERSION = YES_AGGRESSIVE;
				CLANG_CXX_LANGUAGE_STANDARD = "gnu++14";
				CLANG_CXX_LIBRARY = "libc++";
				CLANG_ENABLE_MODULES = YES;
				CLANG_ENABLE_OBJC_ARC = YES;
				CLANG_ENABLE_OBJC_WEAK = YES;
				CLANG_WARN_BLOCK_CAPTURE_AUTORELEASING = YES;
				CLANG_WARN_BOOL_CONVERSION = YES;
				CLANG_WARN_COMMA = YES;
				CLANG_WARN_CONSTANT_CONVERSION = YES;
				CLANG_WARN_DEPRECATED_OBJC_IMPLEMENTATIONS = YES;
				CLANG_WARN_DIRECT_OBJC_ISA_USAGE = YES_ERROR;
				CLANG_WARN_DOCUMENTATION_COMMENTS = YES;
				CLANG_WARN_EMPTY_BODY = YES;
				CLANG_WARN_ENUM_CONVERSION = YES;
				CLANG_WARN_INFINITE_RECURSION = YES;
				CLANG_WARN_INT_CONVERSION = YES;
				CLANG_WARN_NON_LITERAL_NULL_CONVERSION = YES;
				CLANG_WARN_OBJC_IMPLICIT_RETAIN_SELF = YES;
				CLANG_WARN_OBJC_LITERAL_CONVERSION = YES;
				CLANG_WARN_OBJC_ROOT_CLASS = YES_ERROR;
				CLANG_WARN_RANGE_LOOP_ANALYSIS = YES;
				CLANG_WARN_STRICT_PROTOTYPES = YES;
				CLANG_WARN_SUSPICIOUS_MOVE = YES;
				CLANG_WARN_UNGUARDED_AVAILABILITY = YES_AGGRESSIVE;
				CLANG_WARN_UNREACHABLE_CODE = YES;
				CLANG_WARN__DUPLICATE_METHOD_MATCH = YES;
				CODE_SIGN_IDENTITY = "iPhone Developer";
				COPY_PHASE_STRIP = NO;
				DEBUG_INFORMATION_FORMAT = dwarf;
				ENABLE_STRICT_OBJC_MSGSEND = YES;
				ENABLE_TESTABILITY = YES;
				GCC_C_LANGUAGE_STANDARD = gnu11;
				GCC_DYNAMIC_NO_PIC = NO;
				GCC_NO_COMMON_BLOCKS = YES;
				GCC_OPTIMIZATION_LEVEL = 0;
				GCC_PREPROCESSOR_DEFINITIONS = (
					"DEBUG=1",
					"$(inherited)",
				);
				GCC_WARN_64_TO_32_BIT_CONVERSION = YES;
				GCC_WARN_ABOUT_RETURN_TYPE = YES_ERROR;
				GCC_WARN_UNDECLARED_SELECTOR = YES;
				GCC_WARN_UNINITIALIZED_AUTOS = YES_AGGRESSIVE;
				GCC_WARN_UNUSED_FUNCTION = YES;
				GCC_WARN_UNUSED_VARIABLE = YES;
				IPHONEOS_DEPLOYMENT_TARGET = 12.4;
				MTL_ENABLE_DEBUG_INFO = INCLUDE_SOURCE;
				MTL_FAST_MATH = YES;
				ONLY_ACTIVE_ARCH = YES;
				SDKROOT = iphoneos;
				SWIFT_ACTIVE_COMPILATION_CONDITIONS = DEBUG;
				SWIFT_OPTIMIZATION_LEVEL = "-Onone";
			};
			name = Debug;
		};
		11C919CF22F9368F005F71BC /* Release */ = {
			isa = XCBuildConfiguration;
			buildSettings = {
				ALWAYS_SEARCH_USER_PATHS = NO;
				CLANG_ANALYZER_NONNULL = YES;
				CLANG_ANALYZER_NUMBER_OBJECT_CONVERSION = YES_AGGRESSIVE;
				CLANG_CXX_LANGUAGE_STANDARD = "gnu++14";
				CLANG_CXX_LIBRARY = "libc++";
				CLANG_ENABLE_MODULES = YES;
				CLANG_ENABLE_OBJC_ARC = YES;
				CLANG_ENABLE_OBJC_WEAK = YES;
				CLANG_WARN_BLOCK_CAPTURE_AUTORELEASING = YES;
				CLANG_WARN_BOOL_CONVERSION = YES;
				CLANG_WARN_COMMA = YES;
				CLANG_WARN_CONSTANT_CONVERSION = YES;
				CLANG_WARN_DEPRECATED_OBJC_IMPLEMENTATIONS = YES;
				CLANG_WARN_DIRECT_OBJC_ISA_USAGE = YES_ERROR;
				CLANG_WARN_DOCUMENTATION_COMMENTS = YES;
				CLANG_WARN_EMPTY_BODY = YES;
				CLANG_WARN_ENUM_CONVERSION = YES;
				CLANG_WARN_INFINITE_RECURSION = YES;
				CLANG_WARN_INT_CONVERSION = YES;
				CLANG_WARN_NON_LITERAL_NULL_CONVERSION = YES;
				CLANG_WARN_OBJC_IMPLICIT_RETAIN_SELF = YES;
				CLANG_WARN_OBJC_LITERAL_CONVERSION = YES;
				CLANG_WARN_OBJC_ROOT_CLASS = YES_ERROR;
				CLANG_WARN_RANGE_LOOP_ANALYSIS = YES;
				CLANG_WARN_STRICT_PROTOTYPES = YES;
				CLANG_WARN_SUSPICIOUS_MOVE = YES;
				CLANG_WARN_UNGUARDED_AVAILABILITY = YES_AGGRESSIVE;
				CLANG_WARN_UNREACHABLE_CODE = YES;
				CLANG_WARN__DUPLICATE_METHOD_MATCH = YES;
				CODE_SIGN_IDENTITY = "iPhone Developer";
				COPY_PHASE_STRIP = NO;
				DEBUG_INFORMATION_FORMAT = "dwarf-with-dsym";
				ENABLE_NS_ASSERTIONS = NO;
				ENABLE_STRICT_OBJC_MSGSEND = YES;
				GCC_C_LANGUAGE_STANDARD = gnu11;
				GCC_NO_COMMON_BLOCKS = YES;
				GCC_WARN_64_TO_32_BIT_CONVERSION = YES;
				GCC_WARN_ABOUT_RETURN_TYPE = YES_ERROR;
				GCC_WARN_UNDECLARED_SELECTOR = YES;
				GCC_WARN_UNINITIALIZED_AUTOS = YES_AGGRESSIVE;
				GCC_WARN_UNUSED_FUNCTION = YES;
				GCC_WARN_UNUSED_VARIABLE = YES;
				IPHONEOS_DEPLOYMENT_TARGET = 12.4;
				MTL_ENABLE_DEBUG_INFO = NO;
				MTL_FAST_MATH = YES;
				SDKROOT = iphoneos;
				SWIFT_COMPILATION_MODE = wholemodule;
				SWIFT_OPTIMIZATION_LEVEL = "-O";
				VALIDATE_PRODUCT = YES;
			};
			name = Release;
		};
		11C919D122F9368F005F71BC /* Debug */ = {
			isa = XCBuildConfiguration;
			baseConfigurationReference = DE26AE802748A833930F2F1E /* Pods-MagicBall.debug.xcconfig */;
			buildSettings = {
				ASSETCATALOG_COMPILER_APPICON_NAME = AppIcon;
				CODE_SIGN_STYLE = Automatic;
				DEVELOPMENT_TEAM = A76X2FNZ47;
				INFOPLIST_FILE = "$(SRCROOT)/MagicBall/Resources/Info.plist";
				LD_RUNPATH_SEARCH_PATHS = (
					"$(inherited)",
					"@executable_path/Frameworks",
				);
				PRODUCT_BUNDLE_IDENTIFIER = yalantis.MagicBall;
				PRODUCT_NAME = "$(TARGET_NAME)";
				SWIFT_VERSION = 5.0;
				TARGETED_DEVICE_FAMILY = 1;
			};
			name = Debug;
		};
		11C919D222F9368F005F71BC /* Release */ = {
			isa = XCBuildConfiguration;
			baseConfigurationReference = F4D248FC0038C3FFF9453FBB /* Pods-MagicBall.release.xcconfig */;
			buildSettings = {
				ASSETCATALOG_COMPILER_APPICON_NAME = AppIcon;
				CODE_SIGN_STYLE = Automatic;
				DEVELOPMENT_TEAM = A76X2FNZ47;
				INFOPLIST_FILE = "$(SRCROOT)/MagicBall/Resources/Info.plist";
				LD_RUNPATH_SEARCH_PATHS = (
					"$(inherited)",
					"@executable_path/Frameworks",
				);
				PRODUCT_BUNDLE_IDENTIFIER = yalantis.MagicBall;
				PRODUCT_NAME = "$(TARGET_NAME)";
				SWIFT_VERSION = 5.0;
				TARGETED_DEVICE_FAMILY = 1;
			};
			name = Release;
		};
/* End XCBuildConfiguration section */

/* Begin XCConfigurationList section */
		11C919B922F9368E005F71BC /* Build configuration list for PBXProject "MagicBall" */ = {
			isa = XCConfigurationList;
			buildConfigurations = (
				11C919CE22F9368F005F71BC /* Debug */,
				11C919CF22F9368F005F71BC /* Release */,
			);
			defaultConfigurationIsVisible = 0;
			defaultConfigurationName = Release;
		};
		11C919D022F9368F005F71BC /* Build configuration list for PBXNativeTarget "MagicBall" */ = {
			isa = XCConfigurationList;
			buildConfigurations = (
				11C919D122F9368F005F71BC /* Debug */,
				11C919D222F9368F005F71BC /* Release */,
			);
			defaultConfigurationIsVisible = 0;
			defaultConfigurationName = Release;
		};
/* End XCConfigurationList section */
	};
	rootObject = 11C919B622F9368E005F71BC /* Project object */;
}
