// !$*UTF8*$!
{
	archiveVersion = 1;
	classes = {
	};
	objectVersion = 51;
	objects = {

/* Begin PBXBuildFile section */
		1103FD862357D9F200DF0D24 /* MagicBallModel.xcdatamodeld in Sources */ = {isa = PBXBuildFile; fileRef = 1103FD832357D9F200DF0D24 /* MagicBallModel.xcdatamodeld */; };
		1103FD8C2357DB6800DF0D24 /* HistoryAnswer.swift in Sources */ = {isa = PBXBuildFile; fileRef = 1103FD8B2357DB6800DF0D24 /* HistoryAnswer.swift */; };
		1107920022FFD2CC0056BE67 /* Rude Answers in Resources */ = {isa = PBXBuildFile; fileRef = 110791FF22FFD2CC0056BE67 /* Rude Answers */; };
		110A534222FB50A40026BA79 /* MagicButton.swift in Sources */ = {isa = PBXBuildFile; fileRef = 110A534122FB50A40026BA79 /* MagicButton.swift */; };
		110DFF4423610A280040F39C /* DependencyContainer.swift in Sources */ = {isa = PBXBuildFile; fileRef = 110DFF4323610A280040F39C /* DependencyContainer.swift */; };
		111EFFFB235DE6D2004003FE /* HistoryCleanerService.swift in Sources */ = {isa = PBXBuildFile; fileRef = 111EFFFA235DE6D2004003FE /* HistoryCleanerService.swift */; };
		112A9ACE2344F95B005A24CD /* Answer.swift in Sources */ = {isa = PBXBuildFile; fileRef = 112A9ACD2344F95B005A24CD /* Answer.swift */; };
		112A9AD02344FA06005A24CD /* PresentableAnswer.swift in Sources */ = {isa = PBXBuildFile; fileRef = 112A9ACF2344FA06005A24CD /* PresentableAnswer.swift */; };
		112B515B23011A890063E18B /* FileManager+Codable.swift in Sources */ = {isa = PBXBuildFile; fileRef = 112B515A23011A890063E18B /* FileManager+Codable.swift */; };
		112B515D23011AB80063E18B /* DefaultResourceName.swift in Sources */ = {isa = PBXBuildFile; fileRef = 112B515C23011AB80063E18B /* DefaultResourceName.swift */; };
		112FEF592357E81000D1E8D6 /* PresentableHistoryAnswer.swift in Sources */ = {isa = PBXBuildFile; fileRef = 112FEF582357E81000D1E8D6 /* PresentableHistoryAnswer.swift */; };
		112FEF5F2357E99600D1E8D6 /* HistoryAnswersModel.swift in Sources */ = {isa = PBXBuildFile; fileRef = 112FEF5E2357E99600D1E8D6 /* HistoryAnswersModel.swift */; };
		112FEF612357E9A700D1E8D6 /* HistoryAnswerContentListViewModel.swift in Sources */ = {isa = PBXBuildFile; fileRef = 112FEF602357E9A700D1E8D6 /* HistoryAnswerContentListViewModel.swift */; };
		113302022359331600E84016 /* CoreDataModelService.swift in Sources */ = {isa = PBXBuildFile; fileRef = 113302012359331600E84016 /* CoreDataModelService.swift */; };
		113C2AB923524EB8007B3DA2 /* ManagedAnswer.swift in Sources */ = {isa = PBXBuildFile; fileRef = 113C2AB523524EB8007B3DA2 /* ManagedAnswer.swift */; };
		113C2ABB23524EB8007B3DA2 /* ManagedAnswerSet.swift in Sources */ = {isa = PBXBuildFile; fileRef = 113C2AB723524EB8007B3DA2 /* ManagedAnswerSet.swift */; };
		114286C02358A33A0038AE0B /* CoreDataContainer.swift in Sources */ = {isa = PBXBuildFile; fileRef = 114286BF2358A33A0038AE0B /* CoreDataContainer.swift */; };
		114286C32358A4E30038AE0B /* ManagedHistoryAnswer.swift in Sources */ = {isa = PBXBuildFile; fileRef = 114286C22358A4E30038AE0B /* ManagedHistoryAnswer.swift */; };
		114286C52358A8080038AE0B /* ContentListViewModel.swift in Sources */ = {isa = PBXBuildFile; fileRef = 114286C42358A8080038AE0B /* ContentListViewModel.swift */; };
		11447FB023396AC300CE3DF6 /* Assets.swift in Sources */ = {isa = PBXBuildFile; fileRef = 11447FAE23396AC300CE3DF6 /* Assets.swift */; };
		11447FB123396AC300CE3DF6 /* Strings.swift in Sources */ = {isa = PBXBuildFile; fileRef = 11447FAF23396AC300CE3DF6 /* Strings.swift */; };
		1145E386234C910F006F51EC /* SecureStorage.swift in Sources */ = {isa = PBXBuildFile; fileRef = 1145E385234C910F006F51EC /* SecureStorage.swift */; };
		1145E388234CAD5A006F51EC /* AnswersCountingModel.swift in Sources */ = {isa = PBXBuildFile; fileRef = 1145E387234CAD5A006F51EC /* AnswersCountingModel.swift */; };
		114A0A8E2344E93E00CF1B7C /* PresentableAnswerSet.swift in Sources */ = {isa = PBXBuildFile; fileRef = 114A0A8D2344E93E00CF1B7C /* PresentableAnswerSet.swift */; };
		1155038A22FE8125009AD046 /* TextPronouncer.swift in Sources */ = {isa = PBXBuildFile; fileRef = 1155038922FE8125009AD046 /* TextPronouncer.swift */; };
		115ED28A234349AE005499E0 /* ManagedSettings.swift in Sources */ = {isa = PBXBuildFile; fileRef = 115ED289234349AE005499E0 /* ManagedSettings.swift */; };
		115ED28E23434A30005499E0 /* NetworkAnswer.swift in Sources */ = {isa = PBXBuildFile; fileRef = 115ED28D23434A30005499E0 /* NetworkAnswer.swift */; };
		115ED29023434F3D005499E0 /* NetworkService.swift in Sources */ = {isa = PBXBuildFile; fileRef = 115ED28F23434F3D005499E0 /* NetworkService.swift */; };
		115ED29223434F71005499E0 /* AnswerRequest.swift in Sources */ = {isa = PBXBuildFile; fileRef = 115ED29123434F71005499E0 /* AnswerRequest.swift */; };
		115ED2982343523F005499E0 /* AnswerSetsModel.swift in Sources */ = {isa = PBXBuildFile; fileRef = 115ED2962343523F005499E0 /* AnswerSetsModel.swift */; };
		115ED29A23435D24005499E0 /* AnswerSettingsModel.swift in Sources */ = {isa = PBXBuildFile; fileRef = 115ED29923435D24005499E0 /* AnswerSettingsModel.swift */; };
		115ED29C234361F5005499E0 /* AnswerSourcesModel.swift in Sources */ = {isa = PBXBuildFile; fileRef = 115ED29B234361F5005499E0 /* AnswerSourcesModel.swift */; };
		115ED29E23436AAF005499E0 /* AnswerSourceViewModel.swift in Sources */ = {isa = PBXBuildFile; fileRef = 115ED29D23436AAF005499E0 /* AnswerSourceViewModel.swift */; };
		115ED2A023436CFE005499E0 /* AnswersSourceViewController.swift in Sources */ = {isa = PBXBuildFile; fileRef = 115ED29F23436CFD005499E0 /* AnswersSourceViewController.swift */; };
		116BD3942302F573001ECD5F /* NetworkError.swift in Sources */ = {isa = PBXBuildFile; fileRef = 116BD3932302F573001ECD5F /* NetworkError.swift */; };
		117272AB2337437B006D6A02 /* Localization.strings in Resources */ = {isa = PBXBuildFile; fileRef = 117272AD2337437B006D6A02 /* Localization.strings */; };
		117546022359F4E900587121 /* ConfiguredFetchRequest.swift in Sources */ = {isa = PBXBuildFile; fileRef = 117546012359F4E900587121 /* ConfiguredFetchRequest.swift */; };
		1175460A235DDBC700587121 /* Change.swift in Sources */ = {isa = PBXBuildFile; fileRef = 11754609235DDBC700587121 /* Change.swift */; };
		117889F52305870800983E8A /* InputTextAlertController.swift in Sources */ = {isa = PBXBuildFile; fileRef = 117889F42305870800983E8A /* InputTextAlertController.swift */; };
		11853ED5230170A300F30203 /* AnswerSet.swift in Sources */ = {isa = PBXBuildFile; fileRef = 11853ED4230170A300F30203 /* AnswerSet.swift */; };
		11B770DD2344A50E00371CC9 /* MessageAlertPresenter.swift in Sources */ = {isa = PBXBuildFile; fileRef = 11B770DC2344A50E00371CC9 /* MessageAlertPresenter.swift */; };
		11B7E23D23437DAF00319147 /* MagicBallViewModel.swift in Sources */ = {isa = PBXBuildFile; fileRef = 11B7E23C23437DAF00319147 /* MagicBallViewModel.swift */; };
		11B7E23F23437DC900319147 /* MagicBallModel.swift in Sources */ = {isa = PBXBuildFile; fileRef = 11B7E23E23437DC900319147 /* MagicBallModel.swift */; };
		11B7E24123438E2D00319147 /* MagicBallContainerViewController.swift in Sources */ = {isa = PBXBuildFile; fileRef = 11B7E24023438E2D00319147 /* MagicBallContainerViewController.swift */; };
		11B7E2432343A8AF00319147 /* SettingsService.swift in Sources */ = {isa = PBXBuildFile; fileRef = 11B7E2422343A8AF00319147 /* SettingsService.swift */; };
		11B7E2482343CBA200319147 /* SettingsViewController.swift in Sources */ = {isa = PBXBuildFile; fileRef = 11B7E2472343CBA200319147 /* SettingsViewController.swift */; };
		11B7E2522343ED7A00319147 /* SettingsViewModel.swift in Sources */ = {isa = PBXBuildFile; fileRef = 11B7E2512343ED7A00319147 /* SettingsViewModel.swift */; };
		11B7E2542343EEF600319147 /* PresentableSetting.swift in Sources */ = {isa = PBXBuildFile; fileRef = 11B7E2532343EEF600319147 /* PresentableSetting.swift */; };
		11B7E2582343F53300319147 /* ContentListViewController.swift in Sources */ = {isa = PBXBuildFile; fileRef = 11B7E2562343F53300319147 /* ContentListViewController.swift */; };
		11B7E25A2344041700319147 /* AnswerSetsContentListViewModel.swift in Sources */ = {isa = PBXBuildFile; fileRef = 11B7E2592344041700319147 /* AnswerSetsContentListViewModel.swift */; };
		11B7E25C2344042F00319147 /* AnswersContentListViewModel.swift in Sources */ = {isa = PBXBuildFile; fileRef = 11B7E25B2344042F00319147 /* AnswersContentListViewModel.swift */; };
		11C919C222F9368E005F71BC /* AppDelegate.swift in Sources */ = {isa = PBXBuildFile; fileRef = 11C919C122F9368E005F71BC /* AppDelegate.swift */; };
		11C919C922F9368F005F71BC /* Assets.xcassets in Resources */ = {isa = PBXBuildFile; fileRef = 11C919C822F9368F005F71BC /* Assets.xcassets */; };
		11C919CC22F9368F005F71BC /* LaunchScreen.storyboard in Resources */ = {isa = PBXBuildFile; fileRef = 11C919CA22F9368F005F71BC /* LaunchScreen.storyboard */; };
		11CF2A5E23408E7900F394B1 /* UIViewController+ChildManagment.swift in Sources */ = {isa = PBXBuildFile; fileRef = 11CF2A5D23408E7900F394B1 /* UIViewController+ChildManagment.swift */; };
		11D27A9D2357E73D001DC27B /* DateFormatter+HistoryAnswer.swift in Sources */ = {isa = PBXBuildFile; fileRef = 11D27A9C2357E73D001DC27B /* DateFormatter+HistoryAnswer.swift */; };
		11D2F74122FD4D3C000E8881 /* MagicBallView.swift in Sources */ = {isa = PBXBuildFile; fileRef = 11D2F74022FD4D3C000E8881 /* MagicBallView.swift */; };
		11D2F74322FD59C8000E8881 /* Settings.swift in Sources */ = {isa = PBXBuildFile; fileRef = 11D2F74222FD59C8000E8881 /* Settings.swift */; };
		11D2F74522FD5A9A000E8881 /* DefaultSettings in Resources */ = {isa = PBXBuildFile; fileRef = 11D2F74422FD5A9A000E8881 /* DefaultSettings */; };
		11D2F75522FE70C4000E8881 /* AppRootViewCotroller.swift in Sources */ = {isa = PBXBuildFile; fileRef = 11D2F75422FE70C4000E8881 /* AppRootViewCotroller.swift */; };
		11D2F75922FE7934000E8881 /* MagicBallViewCotroller.swift in Sources */ = {isa = PBXBuildFile; fileRef = 11D2F75722FE7934000E8881 /* MagicBallViewCotroller.swift */; };
		11DEF3E22353B4D200CF9FBC /* NSManagedObjectContext+Extension.swift in Sources */ = {isa = PBXBuildFile; fileRef = 11DEF3E12353B4D200CF9FBC /* NSManagedObjectContext+Extension.swift */; };
		11DEF3EE2354FF9A00CF9FBC /* DefaultDataProvider.swift in Sources */ = {isa = PBXBuildFile; fileRef = 11DEF3ED2354FF9A00CF9FBC /* DefaultDataProvider.swift */; };
		11DEF3F02354FFED00CF9FBC /* MigratorFromDataFilesToCoreData.swift in Sources */ = {isa = PBXBuildFile; fileRef = 11DEF3EF2354FFED00CF9FBC /* MigratorFromDataFilesToCoreData.swift */; };
		F56735552363E184326BCF59 /* Pods_MagicBall.framework in Frameworks */ = {isa = PBXBuildFile; fileRef = CA6FB2280872908656F03718 /* Pods_MagicBall.framework */; };
/* End PBXBuildFile section */

/* Begin PBXFileReference section */
		1103FD842357D9F200DF0D24 /* MagicBallModel 2.xcdatamodel */ = {isa = PBXFileReference; lastKnownFileType = wrapper.xcdatamodel; path = "MagicBallModel 2.xcdatamodel"; sourceTree = "<group>"; };
		1103FD852357D9F200DF0D24 /* MagicBallModel.xcdatamodel */ = {isa = PBXFileReference; lastKnownFileType = wrapper.xcdatamodel; path = MagicBallModel.xcdatamodel; sourceTree = "<group>"; };
		1103FD8B2357DB6800DF0D24 /* HistoryAnswer.swift */ = {isa = PBXFileReference; lastKnownFileType = sourcecode.swift; path = HistoryAnswer.swift; sourceTree = "<group>"; };
		110791FF22FFD2CC0056BE67 /* Rude Answers */ = {isa = PBXFileReference; lastKnownFileType = text; path = "Rude Answers"; sourceTree = "<group>"; };
		110A534122FB50A40026BA79 /* MagicButton.swift */ = {isa = PBXFileReference; lastKnownFileType = sourcecode.swift; path = MagicButton.swift; sourceTree = "<group>"; };
		110DFF4323610A280040F39C /* DependencyContainer.swift */ = {isa = PBXFileReference; lastKnownFileType = sourcecode.swift; path = DependencyContainer.swift; sourceTree = "<group>"; };
		111EFFFA235DE6D2004003FE /* HistoryCleanerService.swift */ = {isa = PBXFileReference; lastKnownFileType = sourcecode.swift; path = HistoryCleanerService.swift; sourceTree = "<group>"; };
		112A9ACD2344F95B005A24CD /* Answer.swift */ = {isa = PBXFileReference; lastKnownFileType = sourcecode.swift; path = Answer.swift; sourceTree = "<group>"; };
		112A9ACF2344FA06005A24CD /* PresentableAnswer.swift */ = {isa = PBXFileReference; lastKnownFileType = sourcecode.swift; path = PresentableAnswer.swift; sourceTree = "<group>"; };
		112B515A23011A890063E18B /* FileManager+Codable.swift */ = {isa = PBXFileReference; lastKnownFileType = sourcecode.swift; path = "FileManager+Codable.swift"; sourceTree = "<group>"; };
		112B515C23011AB80063E18B /* DefaultResourceName.swift */ = {isa = PBXFileReference; lastKnownFileType = sourcecode.swift; path = DefaultResourceName.swift; sourceTree = "<group>"; };
		112FEF582357E81000D1E8D6 /* PresentableHistoryAnswer.swift */ = {isa = PBXFileReference; lastKnownFileType = sourcecode.swift; path = PresentableHistoryAnswer.swift; sourceTree = "<group>"; };
		112FEF5E2357E99600D1E8D6 /* HistoryAnswersModel.swift */ = {isa = PBXFileReference; lastKnownFileType = sourcecode.swift; path = HistoryAnswersModel.swift; sourceTree = "<group>"; };
		112FEF602357E9A700D1E8D6 /* HistoryAnswerContentListViewModel.swift */ = {isa = PBXFileReference; lastKnownFileType = sourcecode.swift; path = HistoryAnswerContentListViewModel.swift; sourceTree = "<group>"; };
		113302012359331600E84016 /* CoreDataModelService.swift */ = {isa = PBXFileReference; lastKnownFileType = sourcecode.swift; path = CoreDataModelService.swift; sourceTree = "<group>"; };
		113C2AB523524EB8007B3DA2 /* ManagedAnswer.swift */ = {isa = PBXFileReference; lastKnownFileType = sourcecode.swift; path = ManagedAnswer.swift; sourceTree = "<group>"; };
		113C2AB723524EB8007B3DA2 /* ManagedAnswerSet.swift */ = {isa = PBXFileReference; lastKnownFileType = sourcecode.swift; path = ManagedAnswerSet.swift; sourceTree = "<group>"; };
		114286BF2358A33A0038AE0B /* CoreDataContainer.swift */ = {isa = PBXFileReference; lastKnownFileType = sourcecode.swift; path = CoreDataContainer.swift; sourceTree = "<group>"; };
		114286C12358A3F40038AE0B /* MagicBallModel 3.xcdatamodel */ = {isa = PBXFileReference; lastKnownFileType = wrapper.xcdatamodel; path = "MagicBallModel 3.xcdatamodel"; sourceTree = "<group>"; };
		114286C22358A4E30038AE0B /* ManagedHistoryAnswer.swift */ = {isa = PBXFileReference; fileEncoding = 4; lastKnownFileType = sourcecode.swift; path = ManagedHistoryAnswer.swift; sourceTree = "<group>"; };
		114286C42358A8080038AE0B /* ContentListViewModel.swift */ = {isa = PBXFileReference; lastKnownFileType = sourcecode.swift; path = ContentListViewModel.swift; sourceTree = "<group>"; };
		11447FAE23396AC300CE3DF6 /* Assets.swift */ = {isa = PBXFileReference; fileEncoding = 4; lastKnownFileType = sourcecode.swift; path = Assets.swift; sourceTree = "<group>"; };
		11447FAF23396AC300CE3DF6 /* Strings.swift */ = {isa = PBXFileReference; fileEncoding = 4; lastKnownFileType = sourcecode.swift; path = Strings.swift; sourceTree = "<group>"; };
		1145E385234C910F006F51EC /* SecureStorage.swift */ = {isa = PBXFileReference; lastKnownFileType = sourcecode.swift; path = SecureStorage.swift; sourceTree = "<group>"; };
		1145E387234CAD5A006F51EC /* AnswersCountingModel.swift */ = {isa = PBXFileReference; lastKnownFileType = sourcecode.swift; path = AnswersCountingModel.swift; sourceTree = "<group>"; };
		114A0A8D2344E93E00CF1B7C /* PresentableAnswerSet.swift */ = {isa = PBXFileReference; lastKnownFileType = sourcecode.swift; path = PresentableAnswerSet.swift; sourceTree = "<group>"; };
		1155038922FE8125009AD046 /* TextPronouncer.swift */ = {isa = PBXFileReference; lastKnownFileType = sourcecode.swift; path = TextPronouncer.swift; sourceTree = "<group>"; };
		115ED289234349AE005499E0 /* ManagedSettings.swift */ = {isa = PBXFileReference; fileEncoding = 4; lastKnownFileType = sourcecode.swift; path = ManagedSettings.swift; sourceTree = "<group>"; };
		115ED28D23434A30005499E0 /* NetworkAnswer.swift */ = {isa = PBXFileReference; fileEncoding = 4; lastKnownFileType = sourcecode.swift; path = NetworkAnswer.swift; sourceTree = "<group>"; };
		115ED28F23434F3D005499E0 /* NetworkService.swift */ = {isa = PBXFileReference; fileEncoding = 4; lastKnownFileType = sourcecode.swift; path = NetworkService.swift; sourceTree = "<group>"; };
		115ED29123434F71005499E0 /* AnswerRequest.swift */ = {isa = PBXFileReference; fileEncoding = 4; lastKnownFileType = sourcecode.swift; path = AnswerRequest.swift; sourceTree = "<group>"; };
		115ED2962343523F005499E0 /* AnswerSetsModel.swift */ = {isa = PBXFileReference; fileEncoding = 4; lastKnownFileType = sourcecode.swift; path = AnswerSetsModel.swift; sourceTree = "<group>"; };
		115ED29923435D24005499E0 /* AnswerSettingsModel.swift */ = {isa = PBXFileReference; fileEncoding = 4; lastKnownFileType = sourcecode.swift; path = AnswerSettingsModel.swift; sourceTree = "<group>"; };
		115ED29B234361F5005499E0 /* AnswerSourcesModel.swift */ = {isa = PBXFileReference; fileEncoding = 4; lastKnownFileType = sourcecode.swift; path = AnswerSourcesModel.swift; sourceTree = "<group>"; };
		115ED29D23436AAF005499E0 /* AnswerSourceViewModel.swift */ = {isa = PBXFileReference; fileEncoding = 4; lastKnownFileType = sourcecode.swift; path = AnswerSourceViewModel.swift; sourceTree = "<group>"; };
		115ED29F23436CFD005499E0 /* AnswersSourceViewController.swift */ = {isa = PBXFileReference; fileEncoding = 4; lastKnownFileType = sourcecode.swift; path = AnswersSourceViewController.swift; sourceTree = "<group>"; };
		116BD3932302F573001ECD5F /* NetworkError.swift */ = {isa = PBXFileReference; lastKnownFileType = sourcecode.swift; path = NetworkError.swift; sourceTree = "<group>"; };
		117272AC2337437B006D6A02 /* en */ = {isa = PBXFileReference; lastKnownFileType = text.plist.strings; name = en; path = en.lproj/Localization.strings; sourceTree = "<group>"; };
		117546012359F4E900587121 /* ConfiguredFetchRequest.swift */ = {isa = PBXFileReference; lastKnownFileType = sourcecode.swift; path = ConfiguredFetchRequest.swift; sourceTree = "<group>"; };
		11754609235DDBC700587121 /* Change.swift */ = {isa = PBXFileReference; lastKnownFileType = sourcecode.swift; path = Change.swift; sourceTree = "<group>"; };
		117889F42305870800983E8A /* InputTextAlertController.swift */ = {isa = PBXFileReference; lastKnownFileType = sourcecode.swift; path = InputTextAlertController.swift; sourceTree = "<group>"; };
		11853ED4230170A300F30203 /* AnswerSet.swift */ = {isa = PBXFileReference; lastKnownFileType = sourcecode.swift; path = AnswerSet.swift; sourceTree = "<group>"; };
		11B770DC2344A50E00371CC9 /* MessageAlertPresenter.swift */ = {isa = PBXFileReference; fileEncoding = 4; lastKnownFileType = sourcecode.swift; path = MessageAlertPresenter.swift; sourceTree = "<group>"; };
		11B7E23C23437DAF00319147 /* MagicBallViewModel.swift */ = {isa = PBXFileReference; fileEncoding = 4; lastKnownFileType = sourcecode.swift; path = MagicBallViewModel.swift; sourceTree = "<group>"; };
		11B7E23E23437DC900319147 /* MagicBallModel.swift */ = {isa = PBXFileReference; lastKnownFileType = sourcecode.swift; path = MagicBallModel.swift; sourceTree = "<group>"; };
		11B7E24023438E2D00319147 /* MagicBallContainerViewController.swift */ = {isa = PBXFileReference; lastKnownFileType = sourcecode.swift; path = MagicBallContainerViewController.swift; sourceTree = "<group>"; };
		11B7E2422343A8AF00319147 /* SettingsService.swift */ = {isa = PBXFileReference; fileEncoding = 4; lastKnownFileType = sourcecode.swift; path = SettingsService.swift; sourceTree = "<group>"; };
		11B7E2472343CBA200319147 /* SettingsViewController.swift */ = {isa = PBXFileReference; fileEncoding = 4; lastKnownFileType = sourcecode.swift; path = SettingsViewController.swift; sourceTree = "<group>"; };
		11B7E2512343ED7A00319147 /* SettingsViewModel.swift */ = {isa = PBXFileReference; lastKnownFileType = sourcecode.swift; path = SettingsViewModel.swift; sourceTree = "<group>"; };
		11B7E2532343EEF600319147 /* PresentableSetting.swift */ = {isa = PBXFileReference; lastKnownFileType = sourcecode.swift; path = PresentableSetting.swift; sourceTree = "<group>"; };
		11B7E2562343F53300319147 /* ContentListViewController.swift */ = {isa = PBXFileReference; fileEncoding = 4; lastKnownFileType = sourcecode.swift; path = ContentListViewController.swift; sourceTree = "<group>"; };
		11B7E2592344041700319147 /* AnswerSetsContentListViewModel.swift */ = {isa = PBXFileReference; lastKnownFileType = sourcecode.swift; path = AnswerSetsContentListViewModel.swift; sourceTree = "<group>"; };
		11B7E25B2344042F00319147 /* AnswersContentListViewModel.swift */ = {isa = PBXFileReference; lastKnownFileType = sourcecode.swift; path = AnswersContentListViewModel.swift; sourceTree = "<group>"; };
		11C919BE22F9368E005F71BC /* MagicBall.app */ = {isa = PBXFileReference; explicitFileType = wrapper.application; includeInIndex = 0; path = MagicBall.app; sourceTree = BUILT_PRODUCTS_DIR; };
		11C919C122F9368E005F71BC /* AppDelegate.swift */ = {isa = PBXFileReference; lastKnownFileType = sourcecode.swift; path = AppDelegate.swift; sourceTree = "<group>"; };
		11C919C822F9368F005F71BC /* Assets.xcassets */ = {isa = PBXFileReference; lastKnownFileType = folder.assetcatalog; path = Assets.xcassets; sourceTree = "<group>"; };
		11C919CB22F9368F005F71BC /* Base */ = {isa = PBXFileReference; lastKnownFileType = file.storyboard; name = Base; path = Base.lproj/LaunchScreen.storyboard; sourceTree = "<group>"; };
		11C919CD22F9368F005F71BC /* Info.plist */ = {isa = PBXFileReference; lastKnownFileType = text.plist.xml; path = Info.plist; sourceTree = "<group>"; };
		11CF2A5D23408E7900F394B1 /* UIViewController+ChildManagment.swift */ = {isa = PBXFileReference; lastKnownFileType = sourcecode.swift; path = "UIViewController+ChildManagment.swift"; sourceTree = "<group>"; };
		11D27A9C2357E73D001DC27B /* DateFormatter+HistoryAnswer.swift */ = {isa = PBXFileReference; lastKnownFileType = sourcecode.swift; path = "DateFormatter+HistoryAnswer.swift"; sourceTree = "<group>"; };
		11D2F74022FD4D3C000E8881 /* MagicBallView.swift */ = {isa = PBXFileReference; lastKnownFileType = sourcecode.swift; path = MagicBallView.swift; sourceTree = "<group>"; };
		11D2F74222FD59C8000E8881 /* Settings.swift */ = {isa = PBXFileReference; lastKnownFileType = sourcecode.swift; path = Settings.swift; sourceTree = "<group>"; };
		11D2F74422FD5A9A000E8881 /* DefaultSettings */ = {isa = PBXFileReference; lastKnownFileType = text; path = DefaultSettings; sourceTree = "<group>"; };
		11D2F75422FE70C4000E8881 /* AppRootViewCotroller.swift */ = {isa = PBXFileReference; fileEncoding = 4; lastKnownFileType = sourcecode.swift; path = AppRootViewCotroller.swift; sourceTree = "<group>"; };
		11D2F75722FE7934000E8881 /* MagicBallViewCotroller.swift */ = {isa = PBXFileReference; fileEncoding = 4; lastKnownFileType = sourcecode.swift; path = MagicBallViewCotroller.swift; sourceTree = "<group>"; };
		11DEF3E12353B4D200CF9FBC /* NSManagedObjectContext+Extension.swift */ = {isa = PBXFileReference; lastKnownFileType = sourcecode.swift; path = "NSManagedObjectContext+Extension.swift"; sourceTree = "<group>"; };
		11DEF3ED2354FF9A00CF9FBC /* DefaultDataProvider.swift */ = {isa = PBXFileReference; lastKnownFileType = sourcecode.swift; path = DefaultDataProvider.swift; sourceTree = "<group>"; };
		11DEF3EF2354FFED00CF9FBC /* MigratorFromDataFilesToCoreData.swift */ = {isa = PBXFileReference; lastKnownFileType = sourcecode.swift; path = MigratorFromDataFilesToCoreData.swift; sourceTree = "<group>"; };
		CA6FB2280872908656F03718 /* Pods_MagicBall.framework */ = {isa = PBXFileReference; explicitFileType = wrapper.framework; includeInIndex = 0; path = Pods_MagicBall.framework; sourceTree = BUILT_PRODUCTS_DIR; };
		DE26AE802748A833930F2F1E /* Pods-MagicBall.debug.xcconfig */ = {isa = PBXFileReference; includeInIndex = 1; lastKnownFileType = text.xcconfig; name = "Pods-MagicBall.debug.xcconfig"; path = "Target Support Files/Pods-MagicBall/Pods-MagicBall.debug.xcconfig"; sourceTree = "<group>"; };
		F4D248FC0038C3FFF9453FBB /* Pods-MagicBall.release.xcconfig */ = {isa = PBXFileReference; includeInIndex = 1; lastKnownFileType = text.xcconfig; name = "Pods-MagicBall.release.xcconfig"; path = "Target Support Files/Pods-MagicBall/Pods-MagicBall.release.xcconfig"; sourceTree = "<group>"; };
/* End PBXFileReference section */

/* Begin PBXFrameworksBuildPhase section */
		11C919BB22F9368E005F71BC /* Frameworks */ = {
			isa = PBXFrameworksBuildPhase;
			buildActionMask = 2147483647;
			files = (
				F56735552363E184326BCF59 /* Pods_MagicBall.framework in Frameworks */,
			);
			runOnlyForDeploymentPostprocessing = 0;
		};
/* End PBXFrameworksBuildPhase section */

/* Begin PBXGroup section */
		111EFFF9235DE619004003FE /* Active Models */ = {
			isa = PBXGroup;
			children = (
				115ED29923435D24005499E0 /* AnswerSettingsModel.swift */,
			);
			path = "Active Models";
			sourceTree = "<group>";
		};
		112B515F23011FAD0063E18B /* Extensions */ = {
			isa = PBXGroup;
			children = (
				112B515A23011A890063E18B /* FileManager+Codable.swift */,
				11CF2A5D23408E7900F394B1 /* UIViewController+ChildManagment.swift */,
				11D27A9C2357E73D001DC27B /* DateFormatter+HistoryAnswer.swift */,
			);
			path = Extensions;
			sourceTree = "<group>";
		};
		112FEF5C2357E96E00D1E8D6 /* History Tab */ = {
			isa = PBXGroup;
			children = (
				112FEF5D2357E97800D1E8D6 /* Models */,
				112FEF5E2357E99600D1E8D6 /* HistoryAnswersModel.swift */,
				112FEF602357E9A700D1E8D6 /* HistoryAnswerContentListViewModel.swift */,
			);
			path = "History Tab";
			sourceTree = "<group>";
		};
		112FEF5D2357E97800D1E8D6 /* Models */ = {
			isa = PBXGroup;
			children = (
				1103FD8B2357DB6800DF0D24 /* HistoryAnswer.swift */,
				112FEF582357E81000D1E8D6 /* PresentableHistoryAnswer.swift */,
			);
			path = Models;
			sourceTree = "<group>";
		};
		114286C62358A83B0038AE0B /* Protocols */ = {
			isa = PBXGroup;
			children = (
				114286C42358A8080038AE0B /* ContentListViewModel.swift */,
			);
			path = Protocols;
			sourceTree = "<group>";
		};
		114A0A8F2344F00D00CF1B7C /* Helpers */ = {
			isa = PBXGroup;
			children = (
				11B770DC2344A50E00371CC9 /* MessageAlertPresenter.swift */,
				117889F42305870800983E8A /* InputTextAlertController.swift */,
				11DEF3ED2354FF9A00CF9FBC /* DefaultDataProvider.swift */,
				11DEF3EF2354FFED00CF9FBC /* MigratorFromDataFilesToCoreData.swift */,
			);
			path = Helpers;
			sourceTree = "<group>";
		};
		115AE3EA235502F5005F1B50 /* Extensions */ = {
			isa = PBXGroup;
			children = (
				11DEF3E12353B4D200CF9FBC /* NSManagedObjectContext+Extension.swift */,
			);
			path = Extensions;
			sourceTree = "<group>";
		};
		115AE3EB23550313005F1B50 /* Models */ = {
			isa = PBXGroup;
			children = (
				114286C22358A4E30038AE0B /* ManagedHistoryAnswer.swift */,
				113C2AB523524EB8007B3DA2 /* ManagedAnswer.swift */,
				113C2AB723524EB8007B3DA2 /* ManagedAnswerSet.swift */,
			);
			path = Models;
			sourceTree = "<group>";
		};
		117272A823374307006D6A02 /* Generated */ = {
			isa = PBXGroup;
			children = (
				11447FAE23396AC300CE3DF6 /* Assets.swift */,
				11447FAF23396AC300CE3DF6 /* Strings.swift */,
			);
			path = Generated;
			sourceTree = "<group>";
		};
		1175460B235DE00C00587121 /* Models */ = {
			isa = PBXGroup;
			children = (
				115ED289234349AE005499E0 /* ManagedSettings.swift */,
				11D2F74222FD59C8000E8881 /* Settings.swift */,
				11B7E2532343EEF600319147 /* PresentableSetting.swift */,
			);
			path = Models;
			sourceTree = "<group>";
		};
		1175460C235DE04E00587121 /* Services */ = {
			isa = PBXGroup;
			children = (
				11B7E2422343A8AF00319147 /* SettingsService.swift */,
			);
			path = Services;
			sourceTree = "<group>";
		};
		11B5009B2352285A00620DF4 /* Core Data */ = {
			isa = PBXGroup;
			children = (
				114286BF2358A33A0038AE0B /* CoreDataContainer.swift */,
				117546012359F4E900587121 /* ConfiguredFetchRequest.swift */,
				113302012359331600E84016 /* CoreDataModelService.swift */,
				115AE3EB23550313005F1B50 /* Models */,
				115AE3EA235502F5005F1B50 /* Extensions */,
				1103FD832357D9F200DF0D24 /* MagicBallModel.xcdatamodeld */,
			);
			path = "Core Data";
			sourceTree = "<group>";
		};
		11B7E2442343CA5600319147 /* Active Models */ = {
			isa = PBXGroup;
			children = (
				11B7E23E23437DC900319147 /* MagicBallModel.swift */,
				115ED29B234361F5005499E0 /* AnswerSourcesModel.swift */,
			);
			path = "Active Models";
			sourceTree = "<group>";
		};
		11B7E2452343CA6200319147 /* View Models */ = {
			isa = PBXGroup;
			children = (
				11B7E23C23437DAF00319147 /* MagicBallViewModel.swift */,
				115ED29D23436AAF005499E0 /* AnswerSourceViewModel.swift */,
			);
			path = "View Models";
			sourceTree = "<group>";
		};
		11B7E2462343CAB800319147 /* Active Models */ = {
			isa = PBXGroup;
			children = (
				1145E387234CAD5A006F51EC /* AnswersCountingModel.swift */,
				115ED2962343523F005499E0 /* AnswerSetsModel.swift */,
			);
			path = "Active Models";
			sourceTree = "<group>";
		};
		11B7E2502343ED5800319147 /* View Models */ = {
			isa = PBXGroup;
			children = (
				11B7E2512343ED7A00319147 /* SettingsViewModel.swift */,
				11B7E2592344041700319147 /* AnswerSetsContentListViewModel.swift */,
				11B7E25B2344042F00319147 /* AnswersContentListViewModel.swift */,
			);
			path = "View Models";
			sourceTree = "<group>";
		};
		11C919B522F9368E005F71BC = {
			isa = PBXGroup;
			children = (
				11C919C022F9368E005F71BC /* MagicBall */,
				11C919BF22F9368E005F71BC /* Products */,
				BD198BE49C0AEFE114BC20B6 /* Pods */,
				E00B2D06BF31F7B2B868B87C /* Frameworks */,
			);
			sourceTree = "<group>";
		};
		11C919BF22F9368E005F71BC /* Products */ = {
			isa = PBXGroup;
			children = (
				11C919BE22F9368E005F71BC /* MagicBall.app */,
			);
			name = Products;
			sourceTree = "<group>";
		};
		11C919C022F9368E005F71BC /* MagicBall */ = {
			isa = PBXGroup;
			children = (
				11C919C122F9368E005F71BC /* AppDelegate.swift */,
				110DFF4323610A280040F39C /* DependencyContainer.swift */,
				11CF2A50233F7BF000F394B1 /* General objects */,
				11CF2A48233F7B5200F394B1 /* MagicBall Tab */,
				112FEF5C2357E96E00D1E8D6 /* History Tab */,
				11CF2A49233F7B6100F394B1 /* Settings Tab */,
				11B5009B2352285A00620DF4 /* Core Data */,
				112B515F23011FAD0063E18B /* Extensions */,
				114A0A8F2344F00D00CF1B7C /* Helpers */,
				11D2F75022FE0B03000E8881 /* Resources */,
			);
			path = MagicBall;
			sourceTree = "<group>";
		};
		11CF2A48233F7B5200F394B1 /* MagicBall Tab */ = {
			isa = PBXGroup;
			children = (
				11CF2A4E233F7BCF00F394B1 /* Models */,
				11CF2A4C233F7B9D00F394B1 /* Services */,
				11B7E2442343CA5600319147 /* Active Models */,
				11B7E2452343CA6200319147 /* View Models */,
				11CF2A4A233F7B7D00F394B1 /* View Controllers */,
				11D2F74E22FE0A6B000E8881 /* Views */,
			);
			path = "MagicBall Tab";
			sourceTree = "<group>";
		};
		11CF2A49233F7B6100F394B1 /* Settings Tab */ = {
			isa = PBXGroup;
			children = (
				1175460B235DE00C00587121 /* Models */,
				1175460C235DE04E00587121 /* Services */,
				111EFFF9235DE619004003FE /* Active Models */,
				11B7E2502343ED5800319147 /* View Models */,
				11CF2A4B233F7B8100F394B1 /* View Controllers */,
			);
			path = "Settings Tab";
			sourceTree = "<group>";
		};
		11CF2A4A233F7B7D00F394B1 /* View Controllers */ = {
			isa = PBXGroup;
			children = (
				11B7E24023438E2D00319147 /* MagicBallContainerViewController.swift */,
				11D2F75722FE7934000E8881 /* MagicBallViewCotroller.swift */,
				115ED29F23436CFD005499E0 /* AnswersSourceViewController.swift */,
			);
			path = "View Controllers";
			sourceTree = "<group>";
		};
		11CF2A4B233F7B8100F394B1 /* View Controllers */ = {
			isa = PBXGroup;
			children = (
				11B7E2472343CBA200319147 /* SettingsViewController.swift */,
			);
			path = "View Controllers";
			sourceTree = "<group>";
		};
		11CF2A4C233F7B9D00F394B1 /* Services */ = {
			isa = PBXGroup;
			children = (
				115ED28F23434F3D005499E0 /* NetworkService.swift */,
				1155038922FE8125009AD046 /* TextPronouncer.swift */,
			);
			path = Services;
			sourceTree = "<group>";
		};
		11CF2A4E233F7BCF00F394B1 /* Models */ = {
			isa = PBXGroup;
			children = (
				116BD3932302F573001ECD5F /* NetworkError.swift */,
				115ED29123434F71005499E0 /* AnswerRequest.swift */,
			);
			path = Models;
			sourceTree = "<group>";
		};
		11CF2A50233F7BF000F394B1 /* General objects */ = {
			isa = PBXGroup;
			children = (
				114286C62358A83B0038AE0B /* Protocols */,
				11CF2A52233F7C0A00F394B1 /* Models */,
				11CF2A53233F7C3A00F394B1 /* Services */,
				11B7E2462343CAB800319147 /* Active Models */,
				11CF2A51233F7BFE00F394B1 /* View Controllers */,
			);
			path = "General objects";
			sourceTree = "<group>";
		};
		11CF2A51233F7BFE00F394B1 /* View Controllers */ = {
			isa = PBXGroup;
			children = (
				11D2F75422FE70C4000E8881 /* AppRootViewCotroller.swift */,
				11B7E2562343F53300319147 /* ContentListViewController.swift */,
			);
			path = "View Controllers";
			sourceTree = "<group>";
		};
		11CF2A52233F7C0A00F394B1 /* Models */ = {
			isa = PBXGroup;
			children = (
				112B515C23011AB80063E18B /* DefaultResourceName.swift */,
				11754609235DDBC700587121 /* Change.swift */,
				11E1A7AA2345222D00D4375D /* Answers */,
				11E1A7A92345222800D4375D /* AnswerSet */,
			);
			path = Models;
			sourceTree = "<group>";
		};
		11CF2A53233F7C3A00F394B1 /* Services */ = {
			isa = PBXGroup;
			children = (
				1145E385234C910F006F51EC /* SecureStorage.swift */,
				111EFFFA235DE6D2004003FE /* HistoryCleanerService.swift */,
			);
			path = Services;
			sourceTree = "<group>";
		};
		11D2F74E22FE0A6B000E8881 /* Views */ = {
			isa = PBXGroup;
			children = (
				11D2F74022FD4D3C000E8881 /* MagicBallView.swift */,
				110A534122FB50A40026BA79 /* MagicButton.swift */,
			);
			path = Views;
			sourceTree = "<group>";
		};
		11D2F75022FE0B03000E8881 /* Resources */ = {
			isa = PBXGroup;
			children = (
				117272A823374307006D6A02 /* Generated */,
				11C919C822F9368F005F71BC /* Assets.xcassets */,
				117272AD2337437B006D6A02 /* Localization.strings */,
				11C919CA22F9368F005F71BC /* LaunchScreen.storyboard */,
				11C919CD22F9368F005F71BC /* Info.plist */,
				11D2F74422FD5A9A000E8881 /* DefaultSettings */,
				110791FF22FFD2CC0056BE67 /* Rude Answers */,
			);
			path = Resources;
			sourceTree = "<group>";
		};
		11E1A7A92345222800D4375D /* AnswerSet */ = {
			isa = PBXGroup;
			children = (
				11853ED4230170A300F30203 /* AnswerSet.swift */,
				114A0A8D2344E93E00CF1B7C /* PresentableAnswerSet.swift */,
			);
			path = AnswerSet;
			sourceTree = "<group>";
		};
		11E1A7AA2345222D00D4375D /* Answers */ = {
			isa = PBXGroup;
			children = (
				115ED28D23434A30005499E0 /* NetworkAnswer.swift */,
				112A9ACD2344F95B005A24CD /* Answer.swift */,
				112A9ACF2344FA06005A24CD /* PresentableAnswer.swift */,
			);
			path = Answers;
			sourceTree = "<group>";
		};
		BD198BE49C0AEFE114BC20B6 /* Pods */ = {
			isa = PBXGroup;
			children = (
				DE26AE802748A833930F2F1E /* Pods-MagicBall.debug.xcconfig */,
				F4D248FC0038C3FFF9453FBB /* Pods-MagicBall.release.xcconfig */,
			);
			path = Pods;
			sourceTree = "<group>";
		};
		E00B2D06BF31F7B2B868B87C /* Frameworks */ = {
			isa = PBXGroup;
			children = (
				CA6FB2280872908656F03718 /* Pods_MagicBall.framework */,
			);
			name = Frameworks;
			sourceTree = "<group>";
		};
/* End PBXGroup section */

/* Begin PBXNativeTarget section */
		11C919BD22F9368E005F71BC /* MagicBall */ = {
			isa = PBXNativeTarget;
			buildConfigurationList = 11C919D022F9368F005F71BC /* Build configuration list for PBXNativeTarget "MagicBall" */;
			buildPhases = (
				FDF6AD8BA0A4A420B86457F1 /* [CP] Check Pods Manifest.lock */,
				11D379A923365325004F768B /* SwiftGen */,
				11C919BA22F9368E005F71BC /* Sources */,
				11C919BB22F9368E005F71BC /* Frameworks */,
				11C919BC22F9368E005F71BC /* Resources */,
				117EEB65233647F8009FDFF9 /* SwiftLint */,
				6A0A665F45D2D77D5E916DC2 /* [CP] Embed Pods Frameworks */,
			);
			buildRules = (
			);
			dependencies = (
			);
			name = MagicBall;
			productName = EightBall;
			productReference = 11C919BE22F9368E005F71BC /* MagicBall.app */;
			productType = "com.apple.product-type.application";
		};
/* End PBXNativeTarget section */

/* Begin PBXProject section */
		11C919B622F9368E005F71BC /* Project object */ = {
			isa = PBXProject;
			attributes = {
				LastSwiftUpdateCheck = 1030;
				LastUpgradeCheck = 1030;
				ORGANIZATIONNAME = "Alexander Baraley";
				TargetAttributes = {
					11C919BD22F9368E005F71BC = {
						CreatedOnToolsVersion = 10.3;
					};
				};
			};
			buildConfigurationList = 11C919B922F9368E005F71BC /* Build configuration list for PBXProject "MagicBall" */;
			compatibilityVersion = "Xcode 9.3";
			developmentRegion = en;
			hasScannedForEncodings = 0;
			knownRegions = (
				en,
				Base,
			);
			mainGroup = 11C919B522F9368E005F71BC;
			productRefGroup = 11C919BF22F9368E005F71BC /* Products */;
			projectDirPath = "";
			projectRoot = "";
			targets = (
				11C919BD22F9368E005F71BC /* MagicBall */,
			);
		};
/* End PBXProject section */

/* Begin PBXResourcesBuildPhase section */
		11C919BC22F9368E005F71BC /* Resources */ = {
			isa = PBXResourcesBuildPhase;
			buildActionMask = 2147483647;
			files = (
				11C919CC22F9368F005F71BC /* LaunchScreen.storyboard in Resources */,
				117272AB2337437B006D6A02 /* Localization.strings in Resources */,
				11C919C922F9368F005F71BC /* Assets.xcassets in Resources */,
				1107920022FFD2CC0056BE67 /* Rude Answers in Resources */,
				11D2F74522FD5A9A000E8881 /* DefaultSettings in Resources */,
			);
			runOnlyForDeploymentPostprocessing = 0;
		};
/* End PBXResourcesBuildPhase section */

/* Begin PBXShellScriptBuildPhase section */
		117EEB65233647F8009FDFF9 /* SwiftLint */ = {
			isa = PBXShellScriptBuildPhase;
			buildActionMask = 2147483647;
			files = (
			);
			inputFileListPaths = (
			);
			inputPaths = (
			);
			name = SwiftLint;
			outputFileListPaths = (
			);
			outputPaths = (
			);
			runOnlyForDeploymentPostprocessing = 0;
			shellPath = /bin/sh;
			shellScript = "\"${PODS_ROOT}/SwiftLint/swiftlint\"\n";
		};
		11D379A923365325004F768B /* SwiftGen */ = {
			isa = PBXShellScriptBuildPhase;
			buildActionMask = 2147483647;
			files = (
			);
			inputFileListPaths = (
			);
			inputPaths = (
			);
			name = SwiftGen;
			outputFileListPaths = (
			);
			outputPaths = (
			);
			runOnlyForDeploymentPostprocessing = 0;
			shellPath = /bin/sh;
			shellScript = "\"${PODS_ROOT}/SwiftGen/bin/swiftgen\"\n";
		};
		6A0A665F45D2D77D5E916DC2 /* [CP] Embed Pods Frameworks */ = {
			isa = PBXShellScriptBuildPhase;
			buildActionMask = 2147483647;
			files = (
			);
			inputFileListPaths = (
				"${PODS_ROOT}/Target Support Files/Pods-MagicBall/Pods-MagicBall-frameworks-${CONFIGURATION}-input-files.xcfilelist",
			);
			name = "[CP] Embed Pods Frameworks";
			outputFileListPaths = (
				"${PODS_ROOT}/Target Support Files/Pods-MagicBall/Pods-MagicBall-frameworks-${CONFIGURATION}-output-files.xcfilelist",
			);
			runOnlyForDeploymentPostprocessing = 0;
			shellPath = /bin/sh;
			shellScript = "\"${PODS_ROOT}/Target Support Files/Pods-MagicBall/Pods-MagicBall-frameworks.sh\"\n";
			showEnvVarsInLog = 0;
		};
		FDF6AD8BA0A4A420B86457F1 /* [CP] Check Pods Manifest.lock */ = {
			isa = PBXShellScriptBuildPhase;
			buildActionMask = 2147483647;
			files = (
			);
			inputFileListPaths = (
			);
			inputPaths = (
				"${PODS_PODFILE_DIR_PATH}/Podfile.lock",
				"${PODS_ROOT}/Manifest.lock",
			);
			name = "[CP] Check Pods Manifest.lock";
			outputFileListPaths = (
			);
			outputPaths = (
				"$(DERIVED_FILE_DIR)/Pods-MagicBall-checkManifestLockResult.txt",
			);
			runOnlyForDeploymentPostprocessing = 0;
			shellPath = /bin/sh;
			shellScript = "diff \"${PODS_PODFILE_DIR_PATH}/Podfile.lock\" \"${PODS_ROOT}/Manifest.lock\" > /dev/null\nif [ $? != 0 ] ; then\n    # print error to STDERR\n    echo \"error: The sandbox is not in sync with the Podfile.lock. Run 'pod install' or update your CocoaPods installation.\" >&2\n    exit 1\nfi\n# This output is used by Xcode 'outputs' to avoid re-running this script phase.\necho \"SUCCESS\" > \"${SCRIPT_OUTPUT_FILE_0}\"\n";
			showEnvVarsInLog = 0;
		};
/* End PBXShellScriptBuildPhase section */

/* Begin PBXSourcesBuildPhase section */
		11C919BA22F9368E005F71BC /* Sources */ = {
			isa = PBXSourcesBuildPhase;
			buildActionMask = 2147483647;
			files = (
				1103FD862357D9F200DF0D24 /* MagicBallModel.xcdatamodeld in Sources */,
				113C2ABB23524EB8007B3DA2 /* ManagedAnswerSet.swift in Sources */,
				11D2F74322FD59C8000E8881 /* Settings.swift in Sources */,
				11B770DD2344A50E00371CC9 /* MessageAlertPresenter.swift in Sources */,
				115ED28E23434A30005499E0 /* NetworkAnswer.swift in Sources */,
				112A9ACE2344F95B005A24CD /* Answer.swift in Sources */,
				115ED28A234349AE005499E0 /* ManagedSettings.swift in Sources */,
				1145E386234C910F006F51EC /* SecureStorage.swift in Sources */,
				115ED29223434F71005499E0 /* AnswerRequest.swift in Sources */,
				11CF2A5E23408E7900F394B1 /* UIViewController+ChildManagment.swift in Sources */,
				110A534222FB50A40026BA79 /* MagicButton.swift in Sources */,
				115ED29023434F3D005499E0 /* NetworkService.swift in Sources */,
				115ED2982343523F005499E0 /* AnswerSetsModel.swift in Sources */,
				11B7E25A2344041700319147 /* AnswerSetsContentListViewModel.swift in Sources */,
				11B7E2482343CBA200319147 /* SettingsViewController.swift in Sources */,
				1103FD8C2357DB6800DF0D24 /* HistoryAnswer.swift in Sources */,
				112FEF612357E9A700D1E8D6 /* HistoryAnswerContentListViewModel.swift in Sources */,
				1175460A235DDBC700587121 /* Change.swift in Sources */,
				11B7E2432343A8AF00319147 /* SettingsService.swift in Sources */,
				11C919C222F9368E005F71BC /* AppDelegate.swift in Sources */,
				11B7E2522343ED7A00319147 /* SettingsViewModel.swift in Sources */,
				11B7E24123438E2D00319147 /* MagicBallContainerViewController.swift in Sources */,
				1155038A22FE8125009AD046 /* TextPronouncer.swift in Sources */,
				11B7E2582343F53300319147 /* ContentListViewController.swift in Sources */,
				115ED29C234361F5005499E0 /* AnswerSourcesModel.swift in Sources */,
				113302022359331600E84016 /* CoreDataModelService.swift in Sources */,
				11D27A9D2357E73D001DC27B /* DateFormatter+HistoryAnswer.swift in Sources */,
				11853ED5230170A300F30203 /* AnswerSet.swift in Sources */,
				11B7E25C2344042F00319147 /* AnswersContentListViewModel.swift in Sources */,
				11B7E23F23437DC900319147 /* MagicBallModel.swift in Sources */,
				114286C02358A33A0038AE0B /* CoreDataContainer.swift in Sources */,
				112FEF592357E81000D1E8D6 /* PresentableHistoryAnswer.swift in Sources */,
				11447FB023396AC300CE3DF6 /* Assets.swift in Sources */,
				117546022359F4E900587121 /* ConfiguredFetchRequest.swift in Sources */,
				11DEF3EE2354FF9A00CF9FBC /* DefaultDataProvider.swift in Sources */,
				115ED29A23435D24005499E0 /* AnswerSettingsModel.swift in Sources */,
				117889F52305870800983E8A /* InputTextAlertController.swift in Sources */,
				112FEF5F2357E99600D1E8D6 /* HistoryAnswersModel.swift in Sources */,
				11B7E2542343EEF600319147 /* PresentableSetting.swift in Sources */,
				111EFFFB235DE6D2004003FE /* HistoryCleanerService.swift in Sources */,
				11D2F75922FE7934000E8881 /* MagicBallViewCotroller.swift in Sources */,
				112B515D23011AB80063E18B /* DefaultResourceName.swift in Sources */,
				11D2F75522FE70C4000E8881 /* AppRootViewCotroller.swift in Sources */,
				110DFF4423610A280040F39C /* DependencyContainer.swift in Sources */,
				114286C52358A8080038AE0B /* ContentListViewModel.swift in Sources */,
				112A9AD02344FA06005A24CD /* PresentableAnswer.swift in Sources */,
				112B515B23011A890063E18B /* FileManager+Codable.swift in Sources */,
				11DEF3E22353B4D200CF9FBC /* NSManagedObjectContext+Extension.swift in Sources */,
				115ED29E23436AAF005499E0 /* AnswerSourceViewModel.swift in Sources */,
				11DEF3F02354FFED00CF9FBC /* MigratorFromDataFilesToCoreData.swift in Sources */,
				11D2F74122FD4D3C000E8881 /* MagicBallView.swift in Sources */,
				114286C32358A4E30038AE0B /* ManagedHistoryAnswer.swift in Sources */,
				11B7E23D23437DAF00319147 /* MagicBallViewModel.swift in Sources */,
				115ED2A023436CFE005499E0 /* AnswersSourceViewController.swift in Sources */,
				113C2AB923524EB8007B3DA2 /* ManagedAnswer.swift in Sources */,
				11447FB123396AC300CE3DF6 /* Strings.swift in Sources */,
				116BD3942302F573001ECD5F /* NetworkError.swift in Sources */,
				1145E388234CAD5A006F51EC /* AnswersCountingModel.swift in Sources */,
				114A0A8E2344E93E00CF1B7C /* PresentableAnswerSet.swift in Sources */,
			);
			runOnlyForDeploymentPostprocessing = 0;
		};
/* End PBXSourcesBuildPhase section */

/* Begin PBXVariantGroup section */
		117272AD2337437B006D6A02 /* Localization.strings */ = {
			isa = PBXVariantGroup;
			children = (
				117272AC2337437B006D6A02 /* en */,
			);
			name = Localization.strings;
			sourceTree = "<group>";
		};
		11C919CA22F9368F005F71BC /* LaunchScreen.storyboard */ = {
			isa = PBXVariantGroup;
			children = (
				11C919CB22F9368F005F71BC /* Base */,
			);
			name = LaunchScreen.storyboard;
			sourceTree = "<group>";
		};
/* End PBXVariantGroup section */

/* Begin XCBuildConfiguration section */
		11C919CE22F9368F005F71BC /* Debug */ = {
			isa = XCBuildConfiguration;
			buildSettings = {
				ALWAYS_SEARCH_USER_PATHS = NO;
				CLANG_ANALYZER_NONNULL = YES;
				CLANG_ANALYZER_NUMBER_OBJECT_CONVERSION = YES_AGGRESSIVE;
				CLANG_CXX_LANGUAGE_STANDARD = "gnu++14";
				CLANG_CXX_LIBRARY = "libc++";
				CLANG_ENABLE_MODULES = YES;
				CLANG_ENABLE_OBJC_ARC = YES;
				CLANG_ENABLE_OBJC_WEAK = YES;
				CLANG_WARN_BLOCK_CAPTURE_AUTORELEASING = YES;
				CLANG_WARN_BOOL_CONVERSION = YES;
				CLANG_WARN_COMMA = YES;
				CLANG_WARN_CONSTANT_CONVERSION = YES;
				CLANG_WARN_DEPRECATED_OBJC_IMPLEMENTATIONS = YES;
				CLANG_WARN_DIRECT_OBJC_ISA_USAGE = YES_ERROR;
				CLANG_WARN_DOCUMENTATION_COMMENTS = YES;
				CLANG_WARN_EMPTY_BODY = YES;
				CLANG_WARN_ENUM_CONVERSION = YES;
				CLANG_WARN_INFINITE_RECURSION = YES;
				CLANG_WARN_INT_CONVERSION = YES;
				CLANG_WARN_NON_LITERAL_NULL_CONVERSION = YES;
				CLANG_WARN_OBJC_IMPLICIT_RETAIN_SELF = YES;
				CLANG_WARN_OBJC_LITERAL_CONVERSION = YES;
				CLANG_WARN_OBJC_ROOT_CLASS = YES_ERROR;
				CLANG_WARN_RANGE_LOOP_ANALYSIS = YES;
				CLANG_WARN_STRICT_PROTOTYPES = YES;
				CLANG_WARN_SUSPICIOUS_MOVE = YES;
				CLANG_WARN_UNGUARDED_AVAILABILITY = YES_AGGRESSIVE;
				CLANG_WARN_UNREACHABLE_CODE = YES;
				CLANG_WARN__DUPLICATE_METHOD_MATCH = YES;
				CODE_SIGN_IDENTITY = "iPhone Developer";
				COPY_PHASE_STRIP = NO;
				DEBUG_INFORMATION_FORMAT = dwarf;
				ENABLE_STRICT_OBJC_MSGSEND = YES;
				ENABLE_TESTABILITY = YES;
				GCC_C_LANGUAGE_STANDARD = gnu11;
				GCC_DYNAMIC_NO_PIC = NO;
				GCC_NO_COMMON_BLOCKS = YES;
				GCC_OPTIMIZATION_LEVEL = 0;
				GCC_PREPROCESSOR_DEFINITIONS = (
					"DEBUG=1",
					"$(inherited)",
				);
				GCC_WARN_64_TO_32_BIT_CONVERSION = YES;
				GCC_WARN_ABOUT_RETURN_TYPE = YES_ERROR;
				GCC_WARN_UNDECLARED_SELECTOR = YES;
				GCC_WARN_UNINITIALIZED_AUTOS = YES_AGGRESSIVE;
				GCC_WARN_UNUSED_FUNCTION = YES;
				GCC_WARN_UNUSED_VARIABLE = YES;
				IPHONEOS_DEPLOYMENT_TARGET = 12.4;
				MTL_ENABLE_DEBUG_INFO = INCLUDE_SOURCE;
				MTL_FAST_MATH = YES;
				ONLY_ACTIVE_ARCH = YES;
				SDKROOT = iphoneos;
				SWIFT_ACTIVE_COMPILATION_CONDITIONS = DEBUG;
				SWIFT_OPTIMIZATION_LEVEL = "-Onone";
			};
			name = Debug;
		};
		11C919CF22F9368F005F71BC /* Release */ = {
			isa = XCBuildConfiguration;
			buildSettings = {
				ALWAYS_SEARCH_USER_PATHS = NO;
				CLANG_ANALYZER_NONNULL = YES;
				CLANG_ANALYZER_NUMBER_OBJECT_CONVERSION = YES_AGGRESSIVE;
				CLANG_CXX_LANGUAGE_STANDARD = "gnu++14";
				CLANG_CXX_LIBRARY = "libc++";
				CLANG_ENABLE_MODULES = YES;
				CLANG_ENABLE_OBJC_ARC = YES;
				CLANG_ENABLE_OBJC_WEAK = YES;
				CLANG_WARN_BLOCK_CAPTURE_AUTORELEASING = YES;
				CLANG_WARN_BOOL_CONVERSION = YES;
				CLANG_WARN_COMMA = YES;
				CLANG_WARN_CONSTANT_CONVERSION = YES;
				CLANG_WARN_DEPRECATED_OBJC_IMPLEMENTATIONS = YES;
				CLANG_WARN_DIRECT_OBJC_ISA_USAGE = YES_ERROR;
				CLANG_WARN_DOCUMENTATION_COMMENTS = YES;
				CLANG_WARN_EMPTY_BODY = YES;
				CLANG_WARN_ENUM_CONVERSION = YES;
				CLANG_WARN_INFINITE_RECURSION = YES;
				CLANG_WARN_INT_CONVERSION = YES;
				CLANG_WARN_NON_LITERAL_NULL_CONVERSION = YES;
				CLANG_WARN_OBJC_IMPLICIT_RETAIN_SELF = YES;
				CLANG_WARN_OBJC_LITERAL_CONVERSION = YES;
				CLANG_WARN_OBJC_ROOT_CLASS = YES_ERROR;
				CLANG_WARN_RANGE_LOOP_ANALYSIS = YES;
				CLANG_WARN_STRICT_PROTOTYPES = YES;
				CLANG_WARN_SUSPICIOUS_MOVE = YES;
				CLANG_WARN_UNGUARDED_AVAILABILITY = YES_AGGRESSIVE;
				CLANG_WARN_UNREACHABLE_CODE = YES;
				CLANG_WARN__DUPLICATE_METHOD_MATCH = YES;
				CODE_SIGN_IDENTITY = "iPhone Developer";
				COPY_PHASE_STRIP = NO;
				DEBUG_INFORMATION_FORMAT = "dwarf-with-dsym";
				ENABLE_NS_ASSERTIONS = NO;
				ENABLE_STRICT_OBJC_MSGSEND = YES;
				GCC_C_LANGUAGE_STANDARD = gnu11;
				GCC_NO_COMMON_BLOCKS = YES;
				GCC_WARN_64_TO_32_BIT_CONVERSION = YES;
				GCC_WARN_ABOUT_RETURN_TYPE = YES_ERROR;
				GCC_WARN_UNDECLARED_SELECTOR = YES;
				GCC_WARN_UNINITIALIZED_AUTOS = YES_AGGRESSIVE;
				GCC_WARN_UNUSED_FUNCTION = YES;
				GCC_WARN_UNUSED_VARIABLE = YES;
				IPHONEOS_DEPLOYMENT_TARGET = 12.4;
				MTL_ENABLE_DEBUG_INFO = NO;
				MTL_FAST_MATH = YES;
				SDKROOT = iphoneos;
				SWIFT_COMPILATION_MODE = wholemodule;
				SWIFT_OPTIMIZATION_LEVEL = "-O";
				VALIDATE_PRODUCT = YES;
			};
			name = Release;
		};
		11C919D122F9368F005F71BC /* Debug */ = {
			isa = XCBuildConfiguration;
			baseConfigurationReference = DE26AE802748A833930F2F1E /* Pods-MagicBall.debug.xcconfig */;
			buildSettings = {
				ASSETCATALOG_COMPILER_APPICON_NAME = AppIcon;
				CODE_SIGN_STYLE = Automatic;
				DEVELOPMENT_TEAM = A76X2FNZ47;
				INFOPLIST_FILE = "$(SRCROOT)/MagicBall/Resources/Info.plist";
				LD_RUNPATH_SEARCH_PATHS = (
					"$(inherited)",
					"@executable_path/Frameworks",
				);
				PRODUCT_BUNDLE_IDENTIFIER = yalantis.MagicBall;
				PRODUCT_NAME = "$(TARGET_NAME)";
				SWIFT_VERSION = 5.0;
				TARGETED_DEVICE_FAMILY = 1;
			};
			name = Debug;
		};
		11C919D222F9368F005F71BC /* Release */ = {
			isa = XCBuildConfiguration;
			baseConfigurationReference = F4D248FC0038C3FFF9453FBB /* Pods-MagicBall.release.xcconfig */;
			buildSettings = {
				ASSETCATALOG_COMPILER_APPICON_NAME = AppIcon;
				CODE_SIGN_STYLE = Automatic;
				DEVELOPMENT_TEAM = A76X2FNZ47;
				INFOPLIST_FILE = "$(SRCROOT)/MagicBall/Resources/Info.plist";
				LD_RUNPATH_SEARCH_PATHS = (
					"$(inherited)",
					"@executable_path/Frameworks",
				);
				PRODUCT_BUNDLE_IDENTIFIER = yalantis.MagicBall;
				PRODUCT_NAME = "$(TARGET_NAME)";
				SWIFT_VERSION = 5.0;
				TARGETED_DEVICE_FAMILY = 1;
			};
			name = Release;
		};
/* End XCBuildConfiguration section */

/* Begin XCConfigurationList section */
		11C919B922F9368E005F71BC /* Build configuration list for PBXProject "MagicBall" */ = {
			isa = XCConfigurationList;
			buildConfigurations = (
				11C919CE22F9368F005F71BC /* Debug */,
				11C919CF22F9368F005F71BC /* Release */,
			);
			defaultConfigurationIsVisible = 0;
			defaultConfigurationName = Release;
		};
		11C919D022F9368F005F71BC /* Build configuration list for PBXNativeTarget "MagicBall" */ = {
			isa = XCConfigurationList;
			buildConfigurations = (
				11C919D122F9368F005F71BC /* Debug */,
				11C919D222F9368F005F71BC /* Release */,
			);
			defaultConfigurationIsVisible = 0;
			defaultConfigurationName = Release;
		};
/* End XCConfigurationList section */

/* Begin XCVersionGroup section */
		1103FD832357D9F200DF0D24 /* MagicBallModel.xcdatamodeld */ = {
			isa = XCVersionGroup;
			children = (
				114286C12358A3F40038AE0B /* MagicBallModel 3.xcdatamodel */,
				1103FD842357D9F200DF0D24 /* MagicBallModel 2.xcdatamodel */,
				1103FD852357D9F200DF0D24 /* MagicBallModel.xcdatamodel */,
			);
			currentVersion = 114286C12358A3F40038AE0B /* MagicBallModel 3.xcdatamodel */;
			path = MagicBallModel.xcdatamodeld;
			sourceTree = "<group>";
			versionGroupType = wrapper.xcdatamodel;
		};
/* End XCVersionGroup section */
	};
	rootObject = 11C919B622F9368E005F71BC /* Project object */;
}
